
Microsoft Visual Studio Solution File, Format Version 12.00
# Visual Studio Version 16
VisualStudioVersion = 16.0.29519.181
MinimumVisualStudioVersion = 10.0.40219.1
Project("{9A19103F-16F7-4668-BE54-9A1E7A4F7556}") = "Fluid.Core", "..\sources\Core\Fluid.Core\Fluid.Core.csproj", "{901DC826-4089-4860-BB89-16DC78F60444}"
EndProject
Project("{9A19103F-16F7-4668-BE54-9A1E7A4F7556}") = "Fluid.Core.IoC", "..\sources\Core\Fluid.Core.IoC\Fluid.Core.IoC.csproj", "{AEA0332C-04B1-4038-837B-36196C299886}"
EndProject
Project("{9A19103F-16F7-4668-BE54-9A1E7A4F7556}") = "Fluid.Core.Logging", "..\sources\Core\Fluid.Core.Logging\Fluid.Core.Logging.csproj", "{D99E222B-4FF5-4D63-8207-420F7B93C273}"
EndProject
Project("{9A19103F-16F7-4668-BE54-9A1E7A4F7556}") = "Fluid.Core.Logging.Sinks.Console", "..\sources\Core\Fluid.Core.Logging.Sinks.Console\Fluid.Core.Logging.Sinks.Console.csproj", "{C36C0AA3-C78C-48CA-9589-E4B82ED03B69}"
EndProject
Project("{9A19103F-16F7-4668-BE54-9A1E7A4F7556}") = "Fluid.Core.Logging.Sinks.File", "..\sources\Core\Fluid.Core.Logging.Sinks.File\Fluid.Core.Logging.Sinks.File.csproj", "{B63B86BC-FF22-455D-A53B-139D794F1CB9}"
EndProject
Project("{9A19103F-16F7-4668-BE54-9A1E7A4F7556}") = "Fluid.Core.Presentation", "..\sources\Core\Fluid.Core.Presentation\Fluid.Core.Presentation.csproj", "{8A5F5D32-2CBF-4861-ABE5-E0344DDB6EE9}"
EndProject
Project("{9A19103F-16F7-4668-BE54-9A1E7A4F7556}") = "Fluid.Core.Native", "..\sources\Core\Fluid.Core.Native\Fluid.Core.Native.csproj", "{CB8ECAFA-8AFC-4914-A945-42304B1C072E}"
EndProject
Project("{9A19103F-16F7-4668-BE54-9A1E7A4F7556}") = "Fluid.Core.Shell", "..\sources\Core\Fluid.Core.Shell\Fluid.Core.Shell.csproj", "{9376B43B-BA10-48A1-B8B3-CE23D36BDE96}"
EndProject
Project("{2150E333-8FDC-42A3-9474-1A3956D46DE8}") = "Tests", "Tests", "{3AA7FCE9-23EF-477C-8DAB-9F6D38B1EE79}"
EndProject
Project("{2150E333-8FDC-42A3-9474-1A3956D46DE8}") = "Sandbox", "Sandbox", "{8DC4CE7A-3EC7-4811-9522-AA0500C9214E}"
EndProject
Project("{9A19103F-16F7-4668-BE54-9A1E7A4F7556}") = "Fluid.Core.Sandbox", "..\sources\Core\Fluid.Core.Sandbox\Fluid.Core.Sandbox.csproj", "{EE89EDE8-0691-499B-9FA7-ED669DC05EEC}"
EndProject
Project("{9A19103F-16F7-4668-BE54-9A1E7A4F7556}") = "Fluid.Core.Services", "..\sources\Core\Fluid.Core.Services\Fluid.Core.Services.csproj", "{553597F6-437D-4AF2-913C-BA02D7D25929}"
EndProject
Project("{9A19103F-16F7-4668-BE54-9A1E7A4F7556}") = "Fluid.Core.Services.Interfaces", "..\sources\Core\Fluid.Core.Services.Interfaces\Fluid.Core.Services.Interfaces.csproj", "{E44A0E05-BA6A-4C72-86A4-F17203634B63}"
EndProject
Project("{9A19103F-16F7-4668-BE54-9A1E7A4F7556}") = "Fluid.Core.Interfaces", "..\sources\Core\Fluid.Core.Interfaces\Fluid.Core.Interfaces.csproj", "{C4C3A767-3CDA-4D54-8CF1-C391215F75A7}"
EndProject
Project("{9A19103F-16F7-4668-BE54-9A1E7A4F7556}") = "Fluid.Core.Enums", "..\sources\Core\Fluid.Core.Enums\Fluid.Core.Enums.csproj", "{3ACDC844-A34C-474D-AB08-D8F48974B6A1}"
EndProject
Project("{9A19103F-16F7-4668-BE54-9A1E7A4F7556}") = "Fluid.Core.Base", "..\sources\Core\Fluid.Core.Base\Fluid.Core.Base.csproj", "{0B3C08E6-A79C-4BAC-BFD0-ABC5ADC13391}"
EndProject
Project("{9A19103F-16F7-4668-BE54-9A1E7A4F7556}") = "Fluid.Core.EventArgs", "..\sources\Core\Fluid.Core.EventArgs\Fluid.Core.EventArgs.csproj", "{421AC77D-1132-41A4-BA86-6161BD587427}"
EndProject
Project("{9A19103F-16F7-4668-BE54-9A1E7A4F7556}") = "Fluid.Core.Presentation.Devices", "..\sources\Core\Fluid.Core.Presentation.Devices\Fluid.Core.Presentation.Devices.csproj", "{DB07B44F-FF97-4461-94F0-6C968C1D6574}"
EndProject
Project("{2150E333-8FDC-42A3-9474-1A3956D46DE8}") = "Tools", "Tools", "{83B60085-80D3-4DE8-B1B3-64AA7B8676E8}"
EndProject
Project("{9A19103F-16F7-4668-BE54-9A1E7A4F7556}") = "Fluid.Tools", "..\sources\Tools\Fluid.Tools\Fluid.Tools.csproj", "{D2957774-0EB7-4EF5-A9A8-7CD3AC5B6352}"
EndProject
Project("{9A19103F-16F7-4668-BE54-9A1E7A4F7556}") = "Fluid.Core.Devices", "..\sources\Core\Fluid.Core.Devices\Fluid.Core.Devices.csproj", "{F9280032-20BA-4787-B9D6-CA83946D78CC}"
EndProject
Project("{9A19103F-16F7-4668-BE54-9A1E7A4F7556}") = "Fluid.Core.Devices.Interfaces", "..\sources\Core\Fluid.Core.Devices.Interfaces\Fluid.Core.Devices.Interfaces.csproj", "{5109BBAF-C523-46F8-AAA7-AFD8AC680052}"
EndProject
Project("{9A19103F-16F7-4668-BE54-9A1E7A4F7556}") = "Fluid.Core.IO", "..\sources\Core\Fluid.Core.IO\Fluid.Core.IO.csproj", "{5ED43201-F710-4B1F-85DF-FD10D813C289}"
EndProject
Project("{9A19103F-16F7-4668-BE54-9A1E7A4F7556}") = "Fluid.Core.IO.Enums", "..\sources\Core\Fluid.Core.IO.Enums\Fluid.Core.IO.Enums.csproj", "{083EC0B9-1FD1-459F-B114-06FDA37ADF04}"
EndProject
Project("{9A19103F-16F7-4668-BE54-9A1E7A4F7556}") = "Fluid.Core.IO.Interfaces", "..\sources\Core\Fluid.Core.IO.Interfaces\Fluid.Core.IO.Interfaces.csproj", "{48A2C070-4E2F-442A-8740-1D79E3E6D48D}"
EndProject
Project("{2150E333-8FDC-42A3-9474-1A3956D46DE8}") = "Devices", "Devices", "{57F9B8D3-29B4-4071-B3A4-5421BA91F391}"
EndProject
Project("{2150E333-8FDC-42A3-9474-1A3956D46DE8}") = "IO", "IO", "{78AEC73B-F2A5-40B9-8B8B-C9A44D4B93B9}"
EndProject
Project("{2150E333-8FDC-42A3-9474-1A3956D46DE8}") = "Presentation", "Presentation", "{AD6A21BE-8CAD-475D-B814-6F49D0104773}"
EndProject
Project("{2150E333-8FDC-42A3-9474-1A3956D46DE8}") = "Logging", "Logging", "{282DE321-EBAB-4434-B485-7C9A5B4DCDFB}"
EndProject
Project("{2150E333-8FDC-42A3-9474-1A3956D46DE8}") = "Services", "Services", "{75191AF3-BDEB-4CCA-9509-3A56A2F26F3D}"
EndProject
Global
	GlobalSection(SolutionConfigurationPlatforms) = preSolution
		Debug|Any CPU = Debug|Any CPU
		Debug|x64 = Debug|x64
		Debug|x86 = Debug|x86
		Release|Any CPU = Release|Any CPU
		Release|x64 = Release|x64
		Release|x86 = Release|x86
	EndGlobalSection
	GlobalSection(ProjectConfigurationPlatforms) = postSolution
		{901DC826-4089-4860-BB89-16DC78F60444}.Debug|Any CPU.ActiveCfg = Debug|Any CPU
		{901DC826-4089-4860-BB89-16DC78F60444}.Debug|Any CPU.Build.0 = Debug|Any CPU
		{901DC826-4089-4860-BB89-16DC78F60444}.Debug|x64.ActiveCfg = Debug|x64
		{901DC826-4089-4860-BB89-16DC78F60444}.Debug|x64.Build.0 = Debug|x64
		{901DC826-4089-4860-BB89-16DC78F60444}.Debug|x86.ActiveCfg = Debug|x86
		{901DC826-4089-4860-BB89-16DC78F60444}.Debug|x86.Build.0 = Debug|x86
		{901DC826-4089-4860-BB89-16DC78F60444}.Release|Any CPU.ActiveCfg = Release|Any CPU
		{901DC826-4089-4860-BB89-16DC78F60444}.Release|Any CPU.Build.0 = Release|Any CPU
		{901DC826-4089-4860-BB89-16DC78F60444}.Release|x64.ActiveCfg = Release|x64
		{901DC826-4089-4860-BB89-16DC78F60444}.Release|x64.Build.0 = Release|x64
		{901DC826-4089-4860-BB89-16DC78F60444}.Release|x86.ActiveCfg = Release|x86
		{901DC826-4089-4860-BB89-16DC78F60444}.Release|x86.Build.0 = Release|x86
		{AEA0332C-04B1-4038-837B-36196C299886}.Debug|Any CPU.ActiveCfg = Debug|Any CPU
		{AEA0332C-04B1-4038-837B-36196C299886}.Debug|Any CPU.Build.0 = Debug|Any CPU
		{AEA0332C-04B1-4038-837B-36196C299886}.Debug|x64.ActiveCfg = Debug|x64
		{AEA0332C-04B1-4038-837B-36196C299886}.Debug|x64.Build.0 = Debug|x64
		{AEA0332C-04B1-4038-837B-36196C299886}.Debug|x86.ActiveCfg = Debug|x86
		{AEA0332C-04B1-4038-837B-36196C299886}.Debug|x86.Build.0 = Debug|x86
		{AEA0332C-04B1-4038-837B-36196C299886}.Release|Any CPU.ActiveCfg = Release|Any CPU
		{AEA0332C-04B1-4038-837B-36196C299886}.Release|Any CPU.Build.0 = Release|Any CPU
		{AEA0332C-04B1-4038-837B-36196C299886}.Release|x64.ActiveCfg = Release|x64
		{AEA0332C-04B1-4038-837B-36196C299886}.Release|x64.Build.0 = Release|x64
		{AEA0332C-04B1-4038-837B-36196C299886}.Release|x86.ActiveCfg = Release|x86
		{AEA0332C-04B1-4038-837B-36196C299886}.Release|x86.Build.0 = Release|x86
		{D99E222B-4FF5-4D63-8207-420F7B93C273}.Debug|Any CPU.ActiveCfg = Debug|Any CPU
		{D99E222B-4FF5-4D63-8207-420F7B93C273}.Debug|Any CPU.Build.0 = Debug|Any CPU
		{D99E222B-4FF5-4D63-8207-420F7B93C273}.Debug|x64.ActiveCfg = Debug|x64
		{D99E222B-4FF5-4D63-8207-420F7B93C273}.Debug|x64.Build.0 = Debug|x64
		{D99E222B-4FF5-4D63-8207-420F7B93C273}.Debug|x86.ActiveCfg = Debug|x86
		{D99E222B-4FF5-4D63-8207-420F7B93C273}.Debug|x86.Build.0 = Debug|x86
		{D99E222B-4FF5-4D63-8207-420F7B93C273}.Release|Any CPU.ActiveCfg = Release|Any CPU
		{D99E222B-4FF5-4D63-8207-420F7B93C273}.Release|Any CPU.Build.0 = Release|Any CPU
		{D99E222B-4FF5-4D63-8207-420F7B93C273}.Release|x64.ActiveCfg = Release|x64
		{D99E222B-4FF5-4D63-8207-420F7B93C273}.Release|x64.Build.0 = Release|x64
		{D99E222B-4FF5-4D63-8207-420F7B93C273}.Release|x86.ActiveCfg = Release|x86
		{D99E222B-4FF5-4D63-8207-420F7B93C273}.Release|x86.Build.0 = Release|x86
		{C36C0AA3-C78C-48CA-9589-E4B82ED03B69}.Debug|Any CPU.ActiveCfg = Debug|Any CPU
		{C36C0AA3-C78C-48CA-9589-E4B82ED03B69}.Debug|Any CPU.Build.0 = Debug|Any CPU
		{C36C0AA3-C78C-48CA-9589-E4B82ED03B69}.Debug|x64.ActiveCfg = Debug|x64
		{C36C0AA3-C78C-48CA-9589-E4B82ED03B69}.Debug|x64.Build.0 = Debug|x64
		{C36C0AA3-C78C-48CA-9589-E4B82ED03B69}.Debug|x86.ActiveCfg = Debug|x86
		{C36C0AA3-C78C-48CA-9589-E4B82ED03B69}.Debug|x86.Build.0 = Debug|x86
		{C36C0AA3-C78C-48CA-9589-E4B82ED03B69}.Release|Any CPU.ActiveCfg = Release|Any CPU
		{C36C0AA3-C78C-48CA-9589-E4B82ED03B69}.Release|Any CPU.Build.0 = Release|Any CPU
		{C36C0AA3-C78C-48CA-9589-E4B82ED03B69}.Release|x64.ActiveCfg = Release|x64
		{C36C0AA3-C78C-48CA-9589-E4B82ED03B69}.Release|x64.Build.0 = Release|x64
		{C36C0AA3-C78C-48CA-9589-E4B82ED03B69}.Release|x86.ActiveCfg = Release|x86
		{C36C0AA3-C78C-48CA-9589-E4B82ED03B69}.Release|x86.Build.0 = Release|x86
		{B63B86BC-FF22-455D-A53B-139D794F1CB9}.Debug|Any CPU.ActiveCfg = Debug|Any CPU
		{B63B86BC-FF22-455D-A53B-139D794F1CB9}.Debug|Any CPU.Build.0 = Debug|Any CPU
		{B63B86BC-FF22-455D-A53B-139D794F1CB9}.Debug|x64.ActiveCfg = Debug|x64
		{B63B86BC-FF22-455D-A53B-139D794F1CB9}.Debug|x64.Build.0 = Debug|x64
		{B63B86BC-FF22-455D-A53B-139D794F1CB9}.Debug|x86.ActiveCfg = Debug|x86
		{B63B86BC-FF22-455D-A53B-139D794F1CB9}.Debug|x86.Build.0 = Debug|x86
		{B63B86BC-FF22-455D-A53B-139D794F1CB9}.Release|Any CPU.ActiveCfg = Release|Any CPU
		{B63B86BC-FF22-455D-A53B-139D794F1CB9}.Release|Any CPU.Build.0 = Release|Any CPU
		{B63B86BC-FF22-455D-A53B-139D794F1CB9}.Release|x64.ActiveCfg = Release|x64
		{B63B86BC-FF22-455D-A53B-139D794F1CB9}.Release|x64.Build.0 = Release|x64
		{B63B86BC-FF22-455D-A53B-139D794F1CB9}.Release|x86.ActiveCfg = Release|x86
		{B63B86BC-FF22-455D-A53B-139D794F1CB9}.Release|x86.Build.0 = Release|x86
		{8A5F5D32-2CBF-4861-ABE5-E0344DDB6EE9}.Debug|Any CPU.ActiveCfg = Debug|Any CPU
		{8A5F5D32-2CBF-4861-ABE5-E0344DDB6EE9}.Debug|Any CPU.Build.0 = Debug|Any CPU
		{8A5F5D32-2CBF-4861-ABE5-E0344DDB6EE9}.Debug|x64.ActiveCfg = Debug|Any CPU
		{8A5F5D32-2CBF-4861-ABE5-E0344DDB6EE9}.Debug|x64.Build.0 = Debug|Any CPU
		{8A5F5D32-2CBF-4861-ABE5-E0344DDB6EE9}.Debug|x86.ActiveCfg = Debug|x86
		{8A5F5D32-2CBF-4861-ABE5-E0344DDB6EE9}.Debug|x86.Build.0 = Debug|x86
		{8A5F5D32-2CBF-4861-ABE5-E0344DDB6EE9}.Release|Any CPU.ActiveCfg = Release|Any CPU
		{8A5F5D32-2CBF-4861-ABE5-E0344DDB6EE9}.Release|Any CPU.Build.0 = Release|Any CPU
		{8A5F5D32-2CBF-4861-ABE5-E0344DDB6EE9}.Release|x64.ActiveCfg = Release|Any CPU
		{8A5F5D32-2CBF-4861-ABE5-E0344DDB6EE9}.Release|x64.Build.0 = Release|Any CPU
		{8A5F5D32-2CBF-4861-ABE5-E0344DDB6EE9}.Release|x86.ActiveCfg = Release|Any CPU
		{8A5F5D32-2CBF-4861-ABE5-E0344DDB6EE9}.Release|x86.Build.0 = Release|Any CPU
		{CB8ECAFA-8AFC-4914-A945-42304B1C072E}.Debug|Any CPU.ActiveCfg = Debug|Any CPU
		{CB8ECAFA-8AFC-4914-A945-42304B1C072E}.Debug|Any CPU.Build.0 = Debug|Any CPU
		{CB8ECAFA-8AFC-4914-A945-42304B1C072E}.Debug|x64.ActiveCfg = Debug|Any CPU
		{CB8ECAFA-8AFC-4914-A945-42304B1C072E}.Debug|x64.Build.0 = Debug|Any CPU
		{CB8ECAFA-8AFC-4914-A945-42304B1C072E}.Debug|x86.ActiveCfg = Debug|x86
		{CB8ECAFA-8AFC-4914-A945-42304B1C072E}.Debug|x86.Build.0 = Debug|x86
		{CB8ECAFA-8AFC-4914-A945-42304B1C072E}.Release|Any CPU.ActiveCfg = Release|Any CPU
		{CB8ECAFA-8AFC-4914-A945-42304B1C072E}.Release|Any CPU.Build.0 = Release|Any CPU
		{CB8ECAFA-8AFC-4914-A945-42304B1C072E}.Release|x64.ActiveCfg = Release|Any CPU
		{CB8ECAFA-8AFC-4914-A945-42304B1C072E}.Release|x64.Build.0 = Release|Any CPU
		{CB8ECAFA-8AFC-4914-A945-42304B1C072E}.Release|x86.ActiveCfg = Release|Any CPU
		{CB8ECAFA-8AFC-4914-A945-42304B1C072E}.Release|x86.Build.0 = Release|Any CPU
		{9376B43B-BA10-48A1-B8B3-CE23D36BDE96}.Debug|Any CPU.ActiveCfg = Debug|Any CPU
		{9376B43B-BA10-48A1-B8B3-CE23D36BDE96}.Debug|Any CPU.Build.0 = Debug|Any CPU
		{9376B43B-BA10-48A1-B8B3-CE23D36BDE96}.Debug|x64.ActiveCfg = Debug|Any CPU
		{9376B43B-BA10-48A1-B8B3-CE23D36BDE96}.Debug|x64.Build.0 = Debug|Any CPU
		{9376B43B-BA10-48A1-B8B3-CE23D36BDE96}.Debug|x86.ActiveCfg = Debug|x86
		{9376B43B-BA10-48A1-B8B3-CE23D36BDE96}.Debug|x86.Build.0 = Debug|x86
		{9376B43B-BA10-48A1-B8B3-CE23D36BDE96}.Release|Any CPU.ActiveCfg = Release|Any CPU
		{9376B43B-BA10-48A1-B8B3-CE23D36BDE96}.Release|Any CPU.Build.0 = Release|Any CPU
		{9376B43B-BA10-48A1-B8B3-CE23D36BDE96}.Release|x64.ActiveCfg = Release|Any CPU
		{9376B43B-BA10-48A1-B8B3-CE23D36BDE96}.Release|x64.Build.0 = Release|Any CPU
		{9376B43B-BA10-48A1-B8B3-CE23D36BDE96}.Release|x86.ActiveCfg = Release|Any CPU
		{9376B43B-BA10-48A1-B8B3-CE23D36BDE96}.Release|x86.Build.0 = Release|Any CPU
		{EE89EDE8-0691-499B-9FA7-ED669DC05EEC}.Debug|Any CPU.ActiveCfg = Debug|Any CPU
		{EE89EDE8-0691-499B-9FA7-ED669DC05EEC}.Debug|Any CPU.Build.0 = Debug|Any CPU
		{EE89EDE8-0691-499B-9FA7-ED669DC05EEC}.Debug|x64.ActiveCfg = Debug|Any CPU
		{EE89EDE8-0691-499B-9FA7-ED669DC05EEC}.Debug|x64.Build.0 = Debug|Any CPU
		{EE89EDE8-0691-499B-9FA7-ED669DC05EEC}.Debug|x86.ActiveCfg = Debug|x86
		{EE89EDE8-0691-499B-9FA7-ED669DC05EEC}.Debug|x86.Build.0 = Debug|x86
		{EE89EDE8-0691-499B-9FA7-ED669DC05EEC}.Release|Any CPU.ActiveCfg = Release|Any CPU
		{EE89EDE8-0691-499B-9FA7-ED669DC05EEC}.Release|Any CPU.Build.0 = Release|Any CPU
		{EE89EDE8-0691-499B-9FA7-ED669DC05EEC}.Release|x64.ActiveCfg = Release|Any CPU
		{EE89EDE8-0691-499B-9FA7-ED669DC05EEC}.Release|x64.Build.0 = Release|Any CPU
		{EE89EDE8-0691-499B-9FA7-ED669DC05EEC}.Release|x86.ActiveCfg = Release|Any CPU
		{EE89EDE8-0691-499B-9FA7-ED669DC05EEC}.Release|x86.Build.0 = Release|Any CPU
		{553597F6-437D-4AF2-913C-BA02D7D25929}.Debug|Any CPU.ActiveCfg = Debug|Any CPU
		{553597F6-437D-4AF2-913C-BA02D7D25929}.Debug|Any CPU.Build.0 = Debug|Any CPU
		{553597F6-437D-4AF2-913C-BA02D7D25929}.Debug|x64.ActiveCfg = Debug|Any CPU
		{553597F6-437D-4AF2-913C-BA02D7D25929}.Debug|x64.Build.0 = Debug|Any CPU
		{553597F6-437D-4AF2-913C-BA02D7D25929}.Debug|x86.ActiveCfg = Debug|Any CPU
		{553597F6-437D-4AF2-913C-BA02D7D25929}.Debug|x86.Build.0 = Debug|Any CPU
		{553597F6-437D-4AF2-913C-BA02D7D25929}.Release|Any CPU.ActiveCfg = Release|Any CPU
		{553597F6-437D-4AF2-913C-BA02D7D25929}.Release|Any CPU.Build.0 = Release|Any CPU
		{553597F6-437D-4AF2-913C-BA02D7D25929}.Release|x64.ActiveCfg = Release|Any CPU
		{553597F6-437D-4AF2-913C-BA02D7D25929}.Release|x64.Build.0 = Release|Any CPU
		{553597F6-437D-4AF2-913C-BA02D7D25929}.Release|x86.ActiveCfg = Release|Any CPU
		{553597F6-437D-4AF2-913C-BA02D7D25929}.Release|x86.Build.0 = Release|Any CPU
		{E44A0E05-BA6A-4C72-86A4-F17203634B63}.Debug|Any CPU.ActiveCfg = Debug|Any CPU
		{E44A0E05-BA6A-4C72-86A4-F17203634B63}.Debug|Any CPU.Build.0 = Debug|Any CPU
		{E44A0E05-BA6A-4C72-86A4-F17203634B63}.Debug|x64.ActiveCfg = Debug|Any CPU
		{E44A0E05-BA6A-4C72-86A4-F17203634B63}.Debug|x64.Build.0 = Debug|Any CPU
		{E44A0E05-BA6A-4C72-86A4-F17203634B63}.Debug|x86.ActiveCfg = Debug|Any CPU
		{E44A0E05-BA6A-4C72-86A4-F17203634B63}.Debug|x86.Build.0 = Debug|Any CPU
		{E44A0E05-BA6A-4C72-86A4-F17203634B63}.Release|Any CPU.ActiveCfg = Release|Any CPU
		{E44A0E05-BA6A-4C72-86A4-F17203634B63}.Release|Any CPU.Build.0 = Release|Any CPU
		{E44A0E05-BA6A-4C72-86A4-F17203634B63}.Release|x64.ActiveCfg = Release|Any CPU
		{E44A0E05-BA6A-4C72-86A4-F17203634B63}.Release|x64.Build.0 = Release|Any CPU
		{E44A0E05-BA6A-4C72-86A4-F17203634B63}.Release|x86.ActiveCfg = Release|Any CPU
		{E44A0E05-BA6A-4C72-86A4-F17203634B63}.Release|x86.Build.0 = Release|Any CPU
		{C4C3A767-3CDA-4D54-8CF1-C391215F75A7}.Debug|Any CPU.ActiveCfg = Debug|Any CPU
		{C4C3A767-3CDA-4D54-8CF1-C391215F75A7}.Debug|Any CPU.Build.0 = Debug|Any CPU
		{C4C3A767-3CDA-4D54-8CF1-C391215F75A7}.Debug|x64.ActiveCfg = Debug|Any CPU
		{C4C3A767-3CDA-4D54-8CF1-C391215F75A7}.Debug|x64.Build.0 = Debug|Any CPU
		{C4C3A767-3CDA-4D54-8CF1-C391215F75A7}.Debug|x86.ActiveCfg = Debug|Any CPU
		{C4C3A767-3CDA-4D54-8CF1-C391215F75A7}.Debug|x86.Build.0 = Debug|Any CPU
		{C4C3A767-3CDA-4D54-8CF1-C391215F75A7}.Release|Any CPU.ActiveCfg = Release|Any CPU
		{C4C3A767-3CDA-4D54-8CF1-C391215F75A7}.Release|Any CPU.Build.0 = Release|Any CPU
		{C4C3A767-3CDA-4D54-8CF1-C391215F75A7}.Release|x64.ActiveCfg = Release|Any CPU
		{C4C3A767-3CDA-4D54-8CF1-C391215F75A7}.Release|x64.Build.0 = Release|Any CPU
		{C4C3A767-3CDA-4D54-8CF1-C391215F75A7}.Release|x86.ActiveCfg = Release|Any CPU
		{C4C3A767-3CDA-4D54-8CF1-C391215F75A7}.Release|x86.Build.0 = Release|Any CPU
		{3ACDC844-A34C-474D-AB08-D8F48974B6A1}.Debug|Any CPU.ActiveCfg = Debug|Any CPU
		{3ACDC844-A34C-474D-AB08-D8F48974B6A1}.Debug|Any CPU.Build.0 = Debug|Any CPU
		{3ACDC844-A34C-474D-AB08-D8F48974B6A1}.Debug|x64.ActiveCfg = Debug|Any CPU
		{3ACDC844-A34C-474D-AB08-D8F48974B6A1}.Debug|x64.Build.0 = Debug|Any CPU
		{3ACDC844-A34C-474D-AB08-D8F48974B6A1}.Debug|x86.ActiveCfg = Debug|Any CPU
		{3ACDC844-A34C-474D-AB08-D8F48974B6A1}.Debug|x86.Build.0 = Debug|Any CPU
		{3ACDC844-A34C-474D-AB08-D8F48974B6A1}.Release|Any CPU.ActiveCfg = Release|Any CPU
		{3ACDC844-A34C-474D-AB08-D8F48974B6A1}.Release|Any CPU.Build.0 = Release|Any CPU
		{3ACDC844-A34C-474D-AB08-D8F48974B6A1}.Release|x64.ActiveCfg = Release|Any CPU
		{3ACDC844-A34C-474D-AB08-D8F48974B6A1}.Release|x64.Build.0 = Release|Any CPU
		{3ACDC844-A34C-474D-AB08-D8F48974B6A1}.Release|x86.ActiveCfg = Release|Any CPU
		{3ACDC844-A34C-474D-AB08-D8F48974B6A1}.Release|x86.Build.0 = Release|Any CPU
		{0B3C08E6-A79C-4BAC-BFD0-ABC5ADC13391}.Debug|Any CPU.ActiveCfg = Debug|Any CPU
		{0B3C08E6-A79C-4BAC-BFD0-ABC5ADC13391}.Debug|Any CPU.Build.0 = Debug|Any CPU
		{0B3C08E6-A79C-4BAC-BFD0-ABC5ADC13391}.Debug|x64.ActiveCfg = Debug|Any CPU
		{0B3C08E6-A79C-4BAC-BFD0-ABC5ADC13391}.Debug|x64.Build.0 = Debug|Any CPU
		{0B3C08E6-A79C-4BAC-BFD0-ABC5ADC13391}.Debug|x86.ActiveCfg = Debug|Any CPU
		{0B3C08E6-A79C-4BAC-BFD0-ABC5ADC13391}.Debug|x86.Build.0 = Debug|Any CPU
		{0B3C08E6-A79C-4BAC-BFD0-ABC5ADC13391}.Release|Any CPU.ActiveCfg = Release|Any CPU
		{0B3C08E6-A79C-4BAC-BFD0-ABC5ADC13391}.Release|Any CPU.Build.0 = Release|Any CPU
		{0B3C08E6-A79C-4BAC-BFD0-ABC5ADC13391}.Release|x64.ActiveCfg = Release|Any CPU
		{0B3C08E6-A79C-4BAC-BFD0-ABC5ADC13391}.Release|x64.Build.0 = Release|Any CPU
		{0B3C08E6-A79C-4BAC-BFD0-ABC5ADC13391}.Release|x86.ActiveCfg = Release|Any CPU
		{0B3C08E6-A79C-4BAC-BFD0-ABC5ADC13391}.Release|x86.Build.0 = Release|Any CPU
		{421AC77D-1132-41A4-BA86-6161BD587427}.Debug|Any CPU.ActiveCfg = Debug|Any CPU
		{421AC77D-1132-41A4-BA86-6161BD587427}.Debug|Any CPU.Build.0 = Debug|Any CPU
		{421AC77D-1132-41A4-BA86-6161BD587427}.Debug|x64.ActiveCfg = Debug|Any CPU
		{421AC77D-1132-41A4-BA86-6161BD587427}.Debug|x64.Build.0 = Debug|Any CPU
		{421AC77D-1132-41A4-BA86-6161BD587427}.Debug|x86.ActiveCfg = Debug|Any CPU
		{421AC77D-1132-41A4-BA86-6161BD587427}.Debug|x86.Build.0 = Debug|Any CPU
		{421AC77D-1132-41A4-BA86-6161BD587427}.Release|Any CPU.ActiveCfg = Release|Any CPU
		{421AC77D-1132-41A4-BA86-6161BD587427}.Release|Any CPU.Build.0 = Release|Any CPU
		{421AC77D-1132-41A4-BA86-6161BD587427}.Release|x64.ActiveCfg = Release|Any CPU
		{421AC77D-1132-41A4-BA86-6161BD587427}.Release|x64.Build.0 = Release|Any CPU
		{421AC77D-1132-41A4-BA86-6161BD587427}.Release|x86.ActiveCfg = Release|Any CPU
		{421AC77D-1132-41A4-BA86-6161BD587427}.Release|x86.Build.0 = Release|Any CPU
		{DB07B44F-FF97-4461-94F0-6C968C1D6574}.Debug|Any CPU.ActiveCfg = Debug|Any CPU
		{DB07B44F-FF97-4461-94F0-6C968C1D6574}.Debug|Any CPU.Build.0 = Debug|Any CPU
		{DB07B44F-FF97-4461-94F0-6C968C1D6574}.Debug|x64.ActiveCfg = Debug|Any CPU
		{DB07B44F-FF97-4461-94F0-6C968C1D6574}.Debug|x64.Build.0 = Debug|Any CPU
		{DB07B44F-FF97-4461-94F0-6C968C1D6574}.Debug|x86.ActiveCfg = Debug|Any CPU
		{DB07B44F-FF97-4461-94F0-6C968C1D6574}.Debug|x86.Build.0 = Debug|Any CPU
		{DB07B44F-FF97-4461-94F0-6C968C1D6574}.Release|Any CPU.ActiveCfg = Release|Any CPU
		{DB07B44F-FF97-4461-94F0-6C968C1D6574}.Release|Any CPU.Build.0 = Release|Any CPU
		{DB07B44F-FF97-4461-94F0-6C968C1D6574}.Release|x64.ActiveCfg = Release|Any CPU
		{DB07B44F-FF97-4461-94F0-6C968C1D6574}.Release|x64.Build.0 = Release|Any CPU
		{DB07B44F-FF97-4461-94F0-6C968C1D6574}.Release|x86.ActiveCfg = Release|Any CPU
		{DB07B44F-FF97-4461-94F0-6C968C1D6574}.Release|x86.Build.0 = Release|Any CPU
		{D2957774-0EB7-4EF5-A9A8-7CD3AC5B6352}.Debug|Any CPU.ActiveCfg = Debug|Any CPU
		{D2957774-0EB7-4EF5-A9A8-7CD3AC5B6352}.Debug|Any CPU.Build.0 = Debug|Any CPU
		{D2957774-0EB7-4EF5-A9A8-7CD3AC5B6352}.Debug|x64.ActiveCfg = Debug|x64
		{D2957774-0EB7-4EF5-A9A8-7CD3AC5B6352}.Debug|x64.Build.0 = Debug|x64
		{D2957774-0EB7-4EF5-A9A8-7CD3AC5B6352}.Debug|x86.ActiveCfg = Debug|x86
		{D2957774-0EB7-4EF5-A9A8-7CD3AC5B6352}.Debug|x86.Build.0 = Debug|x86
		{D2957774-0EB7-4EF5-A9A8-7CD3AC5B6352}.Release|Any CPU.ActiveCfg = Release|Any CPU
		{D2957774-0EB7-4EF5-A9A8-7CD3AC5B6352}.Release|Any CPU.Build.0 = Release|Any CPU
		{D2957774-0EB7-4EF5-A9A8-7CD3AC5B6352}.Release|x64.ActiveCfg = Release|x64
		{D2957774-0EB7-4EF5-A9A8-7CD3AC5B6352}.Release|x64.Build.0 = Release|x64
		{D2957774-0EB7-4EF5-A9A8-7CD3AC5B6352}.Release|x86.ActiveCfg = Release|x86
		{D2957774-0EB7-4EF5-A9A8-7CD3AC5B6352}.Release|x86.Build.0 = Release|x86
		{F9280032-20BA-4787-B9D6-CA83946D78CC}.Debug|Any CPU.ActiveCfg = Debug|Any CPU
		{F9280032-20BA-4787-B9D6-CA83946D78CC}.Debug|Any CPU.Build.0 = Debug|Any CPU
		{F9280032-20BA-4787-B9D6-CA83946D78CC}.Debug|x64.ActiveCfg = Debug|x64
		{F9280032-20BA-4787-B9D6-CA83946D78CC}.Debug|x64.Build.0 = Debug|x64
		{F9280032-20BA-4787-B9D6-CA83946D78CC}.Debug|x86.ActiveCfg = Debug|x86
		{F9280032-20BA-4787-B9D6-CA83946D78CC}.Debug|x86.Build.0 = Debug|x86
		{F9280032-20BA-4787-B9D6-CA83946D78CC}.Release|Any CPU.ActiveCfg = Release|Any CPU
		{F9280032-20BA-4787-B9D6-CA83946D78CC}.Release|Any CPU.Build.0 = Release|Any CPU
		{F9280032-20BA-4787-B9D6-CA83946D78CC}.Release|x64.ActiveCfg = Release|x64
		{F9280032-20BA-4787-B9D6-CA83946D78CC}.Release|x64.Build.0 = Release|x64
		{F9280032-20BA-4787-B9D6-CA83946D78CC}.Release|x86.ActiveCfg = Release|x86
		{F9280032-20BA-4787-B9D6-CA83946D78CC}.Release|x86.Build.0 = Release|x86
		{5109BBAF-C523-46F8-AAA7-AFD8AC680052}.Debug|Any CPU.ActiveCfg = Debug|Any CPU
		{5109BBAF-C523-46F8-AAA7-AFD8AC680052}.Debug|Any CPU.Build.0 = Debug|Any CPU
		{5109BBAF-C523-46F8-AAA7-AFD8AC680052}.Debug|x64.ActiveCfg = Debug|x64
		{5109BBAF-C523-46F8-AAA7-AFD8AC680052}.Debug|x64.Build.0 = Debug|x64
		{5109BBAF-C523-46F8-AAA7-AFD8AC680052}.Debug|x86.ActiveCfg = Debug|x86
		{5109BBAF-C523-46F8-AAA7-AFD8AC680052}.Debug|x86.Build.0 = Debug|x86
		{5109BBAF-C523-46F8-AAA7-AFD8AC680052}.Release|Any CPU.ActiveCfg = Release|Any CPU
		{5109BBAF-C523-46F8-AAA7-AFD8AC680052}.Release|Any CPU.Build.0 = Release|Any CPU
		{5109BBAF-C523-46F8-AAA7-AFD8AC680052}.Release|x64.ActiveCfg = Release|x64
		{5109BBAF-C523-46F8-AAA7-AFD8AC680052}.Release|x64.Build.0 = Release|x64
		{5109BBAF-C523-46F8-AAA7-AFD8AC680052}.Release|x86.ActiveCfg = Release|x86
		{5109BBAF-C523-46F8-AAA7-AFD8AC680052}.Release|x86.Build.0 = Release|x86
		{5ED43201-F710-4B1F-85DF-FD10D813C289}.Debug|Any CPU.ActiveCfg = Debug|Any CPU
		{5ED43201-F710-4B1F-85DF-FD10D813C289}.Debug|Any CPU.Build.0 = Debug|Any CPU
		{5ED43201-F710-4B1F-85DF-FD10D813C289}.Debug|x64.ActiveCfg = Debug|x64
		{5ED43201-F710-4B1F-85DF-FD10D813C289}.Debug|x64.Build.0 = Debug|x64
		{5ED43201-F710-4B1F-85DF-FD10D813C289}.Debug|x86.ActiveCfg = Debug|x86
		{5ED43201-F710-4B1F-85DF-FD10D813C289}.Debug|x86.Build.0 = Debug|x86
		{5ED43201-F710-4B1F-85DF-FD10D813C289}.Release|Any CPU.ActiveCfg = Release|Any CPU
		{5ED43201-F710-4B1F-85DF-FD10D813C289}.Release|Any CPU.Build.0 = Release|Any CPU
		{5ED43201-F710-4B1F-85DF-FD10D813C289}.Release|x64.ActiveCfg = Release|x64
		{5ED43201-F710-4B1F-85DF-FD10D813C289}.Release|x64.Build.0 = Release|x64
		{5ED43201-F710-4B1F-85DF-FD10D813C289}.Release|x86.ActiveCfg = Release|x86
		{5ED43201-F710-4B1F-85DF-FD10D813C289}.Release|x86.Build.0 = Release|x86
		{083EC0B9-1FD1-459F-B114-06FDA37ADF04}.Debug|Any CPU.ActiveCfg = Debug|Any CPU
		{083EC0B9-1FD1-459F-B114-06FDA37ADF04}.Debug|Any CPU.Build.0 = Debug|Any CPU
		{083EC0B9-1FD1-459F-B114-06FDA37ADF04}.Debug|x64.ActiveCfg = Debug|x64
		{083EC0B9-1FD1-459F-B114-06FDA37ADF04}.Debug|x64.Build.0 = Debug|x64
		{083EC0B9-1FD1-459F-B114-06FDA37ADF04}.Debug|x86.ActiveCfg = Debug|x86
		{083EC0B9-1FD1-459F-B114-06FDA37ADF04}.Debug|x86.Build.0 = Debug|x86
		{083EC0B9-1FD1-459F-B114-06FDA37ADF04}.Release|Any CPU.ActiveCfg = Release|Any CPU
		{083EC0B9-1FD1-459F-B114-06FDA37ADF04}.Release|Any CPU.Build.0 = Release|Any CPU
		{083EC0B9-1FD1-459F-B114-06FDA37ADF04}.Release|x64.ActiveCfg = Release|x64
		{083EC0B9-1FD1-459F-B114-06FDA37ADF04}.Release|x64.Build.0 = Release|x64
		{083EC0B9-1FD1-459F-B114-06FDA37ADF04}.Release|x86.ActiveCfg = Release|x86
		{083EC0B9-1FD1-459F-B114-06FDA37ADF04}.Release|x86.Build.0 = Release|x86
		{48A2C070-4E2F-442A-8740-1D79E3E6D48D}.Debug|Any CPU.ActiveCfg = Debug|Any CPU
		{48A2C070-4E2F-442A-8740-1D79E3E6D48D}.Debug|Any CPU.Build.0 = Debug|Any CPU
		{48A2C070-4E2F-442A-8740-1D79E3E6D48D}.Debug|x64.ActiveCfg = Debug|x64
		{48A2C070-4E2F-442A-8740-1D79E3E6D48D}.Debug|x64.Build.0 = Debug|x64
		{48A2C070-4E2F-442A-8740-1D79E3E6D48D}.Debug|x86.ActiveCfg = Debug|x86
		{48A2C070-4E2F-442A-8740-1D79E3E6D48D}.Debug|x86.Build.0 = Debug|x86
		{48A2C070-4E2F-442A-8740-1D79E3E6D48D}.Release|Any CPU.ActiveCfg = Release|Any CPU
		{48A2C070-4E2F-442A-8740-1D79E3E6D48D}.Release|Any CPU.Build.0 = Release|Any CPU
		{48A2C070-4E2F-442A-8740-1D79E3E6D48D}.Release|x64.ActiveCfg = Release|x64
		{48A2C070-4E2F-442A-8740-1D79E3E6D48D}.Release|x64.Build.0 = Release|x64
		{48A2C070-4E2F-442A-8740-1D79E3E6D48D}.Release|x86.ActiveCfg = Release|x86
		{48A2C070-4E2F-442A-8740-1D79E3E6D48D}.Release|x86.Build.0 = Release|x86
	EndGlobalSection
	GlobalSection(SolutionProperties) = preSolution
		HideSolutionNode = FALSE
	EndGlobalSection
	GlobalSection(NestedProjects) = preSolution
		{D99E222B-4FF5-4D63-8207-420F7B93C273} = {282DE321-EBAB-4434-B485-7C9A5B4DCDFB}
		{C36C0AA3-C78C-48CA-9589-E4B82ED03B69} = {282DE321-EBAB-4434-B485-7C9A5B4DCDFB}
		{B63B86BC-FF22-455D-A53B-139D794F1CB9} = {282DE321-EBAB-4434-B485-7C9A5B4DCDFB}
		{8A5F5D32-2CBF-4861-ABE5-E0344DDB6EE9} = {AD6A21BE-8CAD-475D-B814-6F49D0104773}
		{EE89EDE8-0691-499B-9FA7-ED669DC05EEC} = {8DC4CE7A-3EC7-4811-9522-AA0500C9214E}
		{553597F6-437D-4AF2-913C-BA02D7D25929} = {75191AF3-BDEB-4CCA-9509-3A56A2F26F3D}
		{E44A0E05-BA6A-4C72-86A4-F17203634B63} = {75191AF3-BDEB-4CCA-9509-3A56A2F26F3D}
		{DB07B44F-FF97-4461-94F0-6C968C1D6574} = {AD6A21BE-8CAD-475D-B814-6F49D0104773}
		{D2957774-0EB7-4EF5-A9A8-7CD3AC5B6352} = {83B60085-80D3-4DE8-B1B3-64AA7B8676E8}
		{F9280032-20BA-4787-B9D6-CA83946D78CC} = {57F9B8D3-29B4-4071-B3A4-5421BA91F391}
		{5109BBAF-C523-46F8-AAA7-AFD8AC680052} = {57F9B8D3-29B4-4071-B3A4-5421BA91F391}
		{5ED43201-F710-4B1F-85DF-FD10D813C289} = {78AEC73B-F2A5-40B9-8B8B-C9A44D4B93B9}
		{083EC0B9-1FD1-459F-B114-06FDA37ADF04} = {78AEC73B-F2A5-40B9-8B8B-C9A44D4B93B9}
		{48A2C070-4E2F-442A-8740-1D79E3E6D48D} = {78AEC73B-F2A5-40B9-8B8B-C9A44D4B93B9}
	EndGlobalSection
	GlobalSection(ExtensibilityGlobals) = postSolution
		SolutionGuid = {1E8EE6A0-1037-49F2-8C63-D7650E3925B7}
	EndGlobalSection
EndGlobal
