
Microsoft Visual Studio Solution File, Format Version 12.00
# Visual Studio Version 16
VisualStudioVersion = 16.0.29519.181
MinimumVisualStudioVersion = 10.0.40219.1
Project("{9A19103F-16F7-4668-BE54-9A1E7A4F7556}") = "Fluid.Core.Base", "..\sources\Fluid.Core.Base\Fluid.Core.Base.csproj", "{FB98EF4F-54D8-4439-BE40-B7C4BFA13DCB}"
EndProject
Project("{9A19103F-16F7-4668-BE54-9A1E7A4F7556}") = "Fluid.Core.Base.Enums", "..\sources\Fluid.Core.Base.Enums\Fluid.Core.Base.Enums.csproj", "{45881726-1F8E-4FEE-8568-06F57BCFBC60}"
EndProject
Project("{9A19103F-16F7-4668-BE54-9A1E7A4F7556}") = "Fluid.Core.Base.EventArgs", "..\sources\Fluid.Core.Base.EventArgs\Fluid.Core.Base.EventArgs.csproj", "{4D89BBA1-F78B-4F73-978D-A1156458141D}"
EndProject
Project("{9A19103F-16F7-4668-BE54-9A1E7A4F7556}") = "Fluid.Core.Base.Interfaces", "..\sources\Fluid.Core.Base.Interfaces\Fluid.Core.Base.Interfaces.csproj", "{FC4BD617-29A7-42AB-88C7-DE277F143EEC}"
EndProject
Project("{2150E333-8FDC-42A3-9474-1A3956D46DE8}") = "Base", "Base", "{BD5BB85B-D1E4-4C62-A32D-E3E472A00C6E}"
EndProject
Project("{2150E333-8FDC-42A3-9474-1A3956D46DE8}") = "Devices", "Devices", "{A71EB794-246A-464C-A8C2-8D9734FE231D}"
EndProject
Project("{9A19103F-16F7-4668-BE54-9A1E7A4F7556}") = "Fluid.Core.Devices.Interfaces", "..\sources\Fluid.Core.Devices.Interfaces\Fluid.Core.Devices.Interfaces.csproj", "{50705165-E967-42E9-924D-DB1F9C341E02}"
EndProject
Project("{9A19103F-16F7-4668-BE54-9A1E7A4F7556}") = "Fluid.Core.Devices", "..\sources\Fluid.Core.Devices\Fluid.Core.Devices.csproj", "{F350D949-50C5-4F05-862B-2534E8BA6DAA}"
EndProject
Project("{9A19103F-16F7-4668-BE54-9A1E7A4F7556}") = "Fluid.Core.IO", "..\sources\Fluid.Core.IO\Fluid.Core.IO.csproj", "{A600566C-595D-420F-9F44-86CBB67C0CEE}"
EndProject
Project("{9A19103F-16F7-4668-BE54-9A1E7A4F7556}") = "Fluid.Core.IO.Enums", "..\sources\Fluid.Core.IO.Enums\Fluid.Core.IO.Enums.csproj", "{F617A3E2-EEBF-459D-A2A1-19A917B9870E}"
EndProject
Project("{9A19103F-16F7-4668-BE54-9A1E7A4F7556}") = "Fluid.Core.IO.Interfaces", "..\sources\Fluid.Core.IO.Interfaces\Fluid.Core.IO.Interfaces.csproj", "{708E2CD1-F27D-4528-A887-E29FF26FD4A2}"
EndProject
Project("{2150E333-8FDC-42A3-9474-1A3956D46DE8}") = "IO", "IO", "{081669E5-7011-46DB-954E-B906EC226ED3}"
EndProject
Project("{9A19103F-16F7-4668-BE54-9A1E7A4F7556}") = "Fluid.Core.IoC", "..\sources\Fluid.Core.IoC\Fluid.Core.IoC.csproj", "{C22900C6-F622-4764-9C44-AFC39FFB7764}"
EndProject
Project("{2150E333-8FDC-42A3-9474-1A3956D46DE8}") = "IoC", "IoC", "{950E5CD6-1F7F-4FC9-B05C-D62EBCFC8B69}"
EndProject
Project("{2150E333-8FDC-42A3-9474-1A3956D46DE8}") = "Native", "Native", "{2A963E4A-0BF4-4225-A93A-5AD464A02E1A}"
EndProject
Project("{2150E333-8FDC-42A3-9474-1A3956D46DE8}") = "Windows", "Windows", "{32655590-3D65-4C75-939E-78863E765BF9}"
EndProject
Project("{9A19103F-16F7-4668-BE54-9A1E7A4F7556}") = "Fluid.Core.Native.Windows", "..\sources\Fluid.Core.Native.Windows\Fluid.Core.Native.Windows.csproj", "{E0855A88-8D0C-4A22-A8EF-5F941AE2ADE0}"
EndProject
Project("{2150E333-8FDC-42A3-9474-1A3956D46DE8}") = "Services", "Services", "{13875005-1B85-446C-BED3-50840F671099}"
EndProject
Project("{9A19103F-16F7-4668-BE54-9A1E7A4F7556}") = "Fluid.Core.Services.Interfaces", "..\sources\Fluid.Core.Services.Interfaces\Fluid.Core.Services.Interfaces.csproj", "{52FC668D-99DD-43FC-A52C-2C1FE37C8748}"
EndProject
Project("{9A19103F-16F7-4668-BE54-9A1E7A4F7556}") = "Fluid.Core.Services", "..\sources\Fluid.Core.Services\Fluid.Core.Services.csproj", "{1481DA35-D4D1-4BE8-9A4C-09A4C4D12819}"
EndProject
Project("{9A19103F-16F7-4668-BE54-9A1E7A4F7556}") = "Fluid.Core", "..\sources\Fluid.Core\Fluid.Core.csproj", "{8782F507-E66A-4E42-945E-040E7E165D51}"
EndProject
Project("{9A19103F-16F7-4668-BE54-9A1E7A4F7556}") = "Fluid.Core.Services.Logging", "..\sources\Fluid.Core.Services.Logging\Fluid.Core.Services.Logging.csproj", "{0AD89B43-E024-4FF7-B124-D4CA0D8F201F}"
EndProject
Project("{9A19103F-16F7-4668-BE54-9A1E7A4F7556}") = "Fluid.Core.Services.Applications", "..\sources\Fluid.Core.Services.Applications\Fluid.Core.Services.Applications.csproj", "{19518E7D-1076-409B-87A5-E37F4EC70A6B}"
EndProject
Project("{9A19103F-16F7-4668-BE54-9A1E7A4F7556}") = "Fluid.Core.Services.Modules", "..\sources\Fluid.Core.Services.Modules\Fluid.Core.Services.Modules.csproj", "{DA6CADAA-B590-41F3-ABA7-A1675154B943}"
EndProject
Project("{9A19103F-16F7-4668-BE54-9A1E7A4F7556}") = "Fluid.Core.Services.Input", "..\sources\Fluid.Core.Services.Input\Fluid.Core.Services.Input.csproj", "{46328794-0480-4423-9F21-E49CF24ED9DC}"
EndProject
Project("{9A19103F-16F7-4668-BE54-9A1E7A4F7556}") = "Fluid.Core.Sandbox", "..\sources\Fluid.Core.Sandbox\Fluid.Core.Sandbox.csproj", "{F7EE3F67-DEC4-4D43-8B81-AEF3593968C2}"
EndProject
Project("{2150E333-8FDC-42A3-9474-1A3956D46DE8}") = "Tests", "Tests", "{2963F48A-F0F2-4C10-B087-B238B3EDFEAF}"
EndProject
Project("{9A19103F-16F7-4668-BE54-9A1E7A4F7556}") = "Fluid.Core.Tests.Core", "..\sources\Fluid.Core.Tests\Fluid.Core.Tests.Core\Fluid.Core.Tests.Core.csproj", "{DA0C9BE7-FE94-49CA-9691-15B601722504}"
EndProject
Project("{FAE04EC0-301F-11D3-BF4B-00C04F79EFBC}") = "Fluid.Core.Tests.Core.Nuget", "..\sources\Fluid.Core.Tests\Fluid.Core.Tests.Core.Nuget\Fluid.Core.Tests.Core.Nuget.csproj", "{72471FD9-E8F7-45B9-B432-A0383358A684}"
EndProject
Global
	GlobalSection(SolutionConfigurationPlatforms) = preSolution
		Debug|Any CPU = Debug|Any CPU
		Debug|x64 = Debug|x64
		Debug|x86 = Debug|x86
		Release|Any CPU = Release|Any CPU
		Release|x64 = Release|x64
		Release|x86 = Release|x86
	EndGlobalSection
	GlobalSection(ProjectConfigurationPlatforms) = postSolution
		{FB98EF4F-54D8-4439-BE40-B7C4BFA13DCB}.Debug|Any CPU.ActiveCfg = Debug|Any CPU
		{FB98EF4F-54D8-4439-BE40-B7C4BFA13DCB}.Debug|Any CPU.Build.0 = Debug|Any CPU
		{FB98EF4F-54D8-4439-BE40-B7C4BFA13DCB}.Debug|x64.ActiveCfg = Debug|x64
		{FB98EF4F-54D8-4439-BE40-B7C4BFA13DCB}.Debug|x64.Build.0 = Debug|x64
		{FB98EF4F-54D8-4439-BE40-B7C4BFA13DCB}.Debug|x86.ActiveCfg = Debug|x86
		{FB98EF4F-54D8-4439-BE40-B7C4BFA13DCB}.Debug|x86.Build.0 = Debug|x86
		{FB98EF4F-54D8-4439-BE40-B7C4BFA13DCB}.Release|Any CPU.ActiveCfg = Release|Any CPU
		{FB98EF4F-54D8-4439-BE40-B7C4BFA13DCB}.Release|Any CPU.Build.0 = Release|Any CPU
		{FB98EF4F-54D8-4439-BE40-B7C4BFA13DCB}.Release|x64.ActiveCfg = Release|x64
		{FB98EF4F-54D8-4439-BE40-B7C4BFA13DCB}.Release|x64.Build.0 = Release|x64
		{FB98EF4F-54D8-4439-BE40-B7C4BFA13DCB}.Release|x86.ActiveCfg = Release|x86
		{FB98EF4F-54D8-4439-BE40-B7C4BFA13DCB}.Release|x86.Build.0 = Release|x86
		{45881726-1F8E-4FEE-8568-06F57BCFBC60}.Debug|Any CPU.ActiveCfg = Debug|Any CPU
		{45881726-1F8E-4FEE-8568-06F57BCFBC60}.Debug|Any CPU.Build.0 = Debug|Any CPU
		{45881726-1F8E-4FEE-8568-06F57BCFBC60}.Debug|x64.ActiveCfg = Debug|x64
		{45881726-1F8E-4FEE-8568-06F57BCFBC60}.Debug|x64.Build.0 = Debug|x64
		{45881726-1F8E-4FEE-8568-06F57BCFBC60}.Debug|x86.ActiveCfg = Debug|x86
		{45881726-1F8E-4FEE-8568-06F57BCFBC60}.Debug|x86.Build.0 = Debug|x86
		{45881726-1F8E-4FEE-8568-06F57BCFBC60}.Release|Any CPU.ActiveCfg = Release|Any CPU
		{45881726-1F8E-4FEE-8568-06F57BCFBC60}.Release|Any CPU.Build.0 = Release|Any CPU
		{45881726-1F8E-4FEE-8568-06F57BCFBC60}.Release|x64.ActiveCfg = Release|x64
		{45881726-1F8E-4FEE-8568-06F57BCFBC60}.Release|x64.Build.0 = Release|x64
		{45881726-1F8E-4FEE-8568-06F57BCFBC60}.Release|x86.ActiveCfg = Release|x86
		{45881726-1F8E-4FEE-8568-06F57BCFBC60}.Release|x86.Build.0 = Release|x86
		{4D89BBA1-F78B-4F73-978D-A1156458141D}.Debug|Any CPU.ActiveCfg = Debug|Any CPU
		{4D89BBA1-F78B-4F73-978D-A1156458141D}.Debug|Any CPU.Build.0 = Debug|Any CPU
		{4D89BBA1-F78B-4F73-978D-A1156458141D}.Debug|x64.ActiveCfg = Debug|x64
		{4D89BBA1-F78B-4F73-978D-A1156458141D}.Debug|x64.Build.0 = Debug|x64
		{4D89BBA1-F78B-4F73-978D-A1156458141D}.Debug|x86.ActiveCfg = Debug|x86
		{4D89BBA1-F78B-4F73-978D-A1156458141D}.Debug|x86.Build.0 = Debug|x86
		{4D89BBA1-F78B-4F73-978D-A1156458141D}.Release|Any CPU.ActiveCfg = Release|Any CPU
		{4D89BBA1-F78B-4F73-978D-A1156458141D}.Release|Any CPU.Build.0 = Release|Any CPU
		{4D89BBA1-F78B-4F73-978D-A1156458141D}.Release|x64.ActiveCfg = Release|x64
		{4D89BBA1-F78B-4F73-978D-A1156458141D}.Release|x64.Build.0 = Release|x64
		{4D89BBA1-F78B-4F73-978D-A1156458141D}.Release|x86.ActiveCfg = Release|x86
		{4D89BBA1-F78B-4F73-978D-A1156458141D}.Release|x86.Build.0 = Release|x86
		{FC4BD617-29A7-42AB-88C7-DE277F143EEC}.Debug|Any CPU.ActiveCfg = Debug|Any CPU
		{FC4BD617-29A7-42AB-88C7-DE277F143EEC}.Debug|Any CPU.Build.0 = Debug|Any CPU
		{FC4BD617-29A7-42AB-88C7-DE277F143EEC}.Debug|x64.ActiveCfg = Debug|x64
		{FC4BD617-29A7-42AB-88C7-DE277F143EEC}.Debug|x64.Build.0 = Debug|x64
		{FC4BD617-29A7-42AB-88C7-DE277F143EEC}.Debug|x86.ActiveCfg = Debug|x86
		{FC4BD617-29A7-42AB-88C7-DE277F143EEC}.Debug|x86.Build.0 = Debug|x86
		{FC4BD617-29A7-42AB-88C7-DE277F143EEC}.Release|Any CPU.ActiveCfg = Release|Any CPU
		{FC4BD617-29A7-42AB-88C7-DE277F143EEC}.Release|Any CPU.Build.0 = Release|Any CPU
		{FC4BD617-29A7-42AB-88C7-DE277F143EEC}.Release|x64.ActiveCfg = Release|x64
		{FC4BD617-29A7-42AB-88C7-DE277F143EEC}.Release|x64.Build.0 = Release|x64
		{FC4BD617-29A7-42AB-88C7-DE277F143EEC}.Release|x86.ActiveCfg = Release|x86
		{FC4BD617-29A7-42AB-88C7-DE277F143EEC}.Release|x86.Build.0 = Release|x86
		{50705165-E967-42E9-924D-DB1F9C341E02}.Debug|Any CPU.ActiveCfg = Debug|Any CPU
		{50705165-E967-42E9-924D-DB1F9C341E02}.Debug|Any CPU.Build.0 = Debug|Any CPU
		{50705165-E967-42E9-924D-DB1F9C341E02}.Debug|x64.ActiveCfg = Debug|x64
		{50705165-E967-42E9-924D-DB1F9C341E02}.Debug|x64.Build.0 = Debug|x64
		{50705165-E967-42E9-924D-DB1F9C341E02}.Debug|x86.ActiveCfg = Debug|x86
		{50705165-E967-42E9-924D-DB1F9C341E02}.Debug|x86.Build.0 = Debug|x86
		{50705165-E967-42E9-924D-DB1F9C341E02}.Release|Any CPU.ActiveCfg = Release|Any CPU
		{50705165-E967-42E9-924D-DB1F9C341E02}.Release|Any CPU.Build.0 = Release|Any CPU
		{50705165-E967-42E9-924D-DB1F9C341E02}.Release|x64.ActiveCfg = Release|x64
		{50705165-E967-42E9-924D-DB1F9C341E02}.Release|x64.Build.0 = Release|x64
		{50705165-E967-42E9-924D-DB1F9C341E02}.Release|x86.ActiveCfg = Release|x86
		{50705165-E967-42E9-924D-DB1F9C341E02}.Release|x86.Build.0 = Release|x86
		{F350D949-50C5-4F05-862B-2534E8BA6DAA}.Debug|Any CPU.ActiveCfg = Debug|Any CPU
		{F350D949-50C5-4F05-862B-2534E8BA6DAA}.Debug|Any CPU.Build.0 = Debug|Any CPU
		{F350D949-50C5-4F05-862B-2534E8BA6DAA}.Debug|x64.ActiveCfg = Debug|x64
		{F350D949-50C5-4F05-862B-2534E8BA6DAA}.Debug|x64.Build.0 = Debug|x64
		{F350D949-50C5-4F05-862B-2534E8BA6DAA}.Debug|x86.ActiveCfg = Debug|x86
		{F350D949-50C5-4F05-862B-2534E8BA6DAA}.Debug|x86.Build.0 = Debug|x86
		{F350D949-50C5-4F05-862B-2534E8BA6DAA}.Release|Any CPU.ActiveCfg = Release|Any CPU
		{F350D949-50C5-4F05-862B-2534E8BA6DAA}.Release|Any CPU.Build.0 = Release|Any CPU
		{F350D949-50C5-4F05-862B-2534E8BA6DAA}.Release|x64.ActiveCfg = Release|x64
		{F350D949-50C5-4F05-862B-2534E8BA6DAA}.Release|x64.Build.0 = Release|x64
		{F350D949-50C5-4F05-862B-2534E8BA6DAA}.Release|x86.ActiveCfg = Release|x86
		{F350D949-50C5-4F05-862B-2534E8BA6DAA}.Release|x86.Build.0 = Release|x86
		{A600566C-595D-420F-9F44-86CBB67C0CEE}.Debug|Any CPU.ActiveCfg = Debug|Any CPU
		{A600566C-595D-420F-9F44-86CBB67C0CEE}.Debug|Any CPU.Build.0 = Debug|Any CPU
		{A600566C-595D-420F-9F44-86CBB67C0CEE}.Debug|x64.ActiveCfg = Debug|x64
		{A600566C-595D-420F-9F44-86CBB67C0CEE}.Debug|x64.Build.0 = Debug|x64
		{A600566C-595D-420F-9F44-86CBB67C0CEE}.Debug|x86.ActiveCfg = Debug|x86
		{A600566C-595D-420F-9F44-86CBB67C0CEE}.Debug|x86.Build.0 = Debug|x86
		{A600566C-595D-420F-9F44-86CBB67C0CEE}.Release|Any CPU.ActiveCfg = Release|Any CPU
		{A600566C-595D-420F-9F44-86CBB67C0CEE}.Release|Any CPU.Build.0 = Release|Any CPU
		{A600566C-595D-420F-9F44-86CBB67C0CEE}.Release|x64.ActiveCfg = Release|x64
		{A600566C-595D-420F-9F44-86CBB67C0CEE}.Release|x64.Build.0 = Release|x64
		{A600566C-595D-420F-9F44-86CBB67C0CEE}.Release|x86.ActiveCfg = Release|x86
		{A600566C-595D-420F-9F44-86CBB67C0CEE}.Release|x86.Build.0 = Release|x86
		{F617A3E2-EEBF-459D-A2A1-19A917B9870E}.Debug|Any CPU.ActiveCfg = Debug|Any CPU
		{F617A3E2-EEBF-459D-A2A1-19A917B9870E}.Debug|Any CPU.Build.0 = Debug|Any CPU
		{F617A3E2-EEBF-459D-A2A1-19A917B9870E}.Debug|x64.ActiveCfg = Debug|x64
		{F617A3E2-EEBF-459D-A2A1-19A917B9870E}.Debug|x64.Build.0 = Debug|x64
		{F617A3E2-EEBF-459D-A2A1-19A917B9870E}.Debug|x86.ActiveCfg = Debug|x86
		{F617A3E2-EEBF-459D-A2A1-19A917B9870E}.Debug|x86.Build.0 = Debug|x86
		{F617A3E2-EEBF-459D-A2A1-19A917B9870E}.Release|Any CPU.ActiveCfg = Release|Any CPU
		{F617A3E2-EEBF-459D-A2A1-19A917B9870E}.Release|Any CPU.Build.0 = Release|Any CPU
		{F617A3E2-EEBF-459D-A2A1-19A917B9870E}.Release|x64.ActiveCfg = Release|x64
		{F617A3E2-EEBF-459D-A2A1-19A917B9870E}.Release|x64.Build.0 = Release|x64
		{F617A3E2-EEBF-459D-A2A1-19A917B9870E}.Release|x86.ActiveCfg = Release|x86
		{F617A3E2-EEBF-459D-A2A1-19A917B9870E}.Release|x86.Build.0 = Release|x86
		{708E2CD1-F27D-4528-A887-E29FF26FD4A2}.Debug|Any CPU.ActiveCfg = Debug|Any CPU
		{708E2CD1-F27D-4528-A887-E29FF26FD4A2}.Debug|Any CPU.Build.0 = Debug|Any CPU
		{708E2CD1-F27D-4528-A887-E29FF26FD4A2}.Debug|x64.ActiveCfg = Debug|x64
		{708E2CD1-F27D-4528-A887-E29FF26FD4A2}.Debug|x64.Build.0 = Debug|x64
		{708E2CD1-F27D-4528-A887-E29FF26FD4A2}.Debug|x86.ActiveCfg = Debug|x86
		{708E2CD1-F27D-4528-A887-E29FF26FD4A2}.Debug|x86.Build.0 = Debug|x86
		{708E2CD1-F27D-4528-A887-E29FF26FD4A2}.Release|Any CPU.ActiveCfg = Release|Any CPU
		{708E2CD1-F27D-4528-A887-E29FF26FD4A2}.Release|Any CPU.Build.0 = Release|Any CPU
		{708E2CD1-F27D-4528-A887-E29FF26FD4A2}.Release|x64.ActiveCfg = Release|x64
		{708E2CD1-F27D-4528-A887-E29FF26FD4A2}.Release|x64.Build.0 = Release|x64
		{708E2CD1-F27D-4528-A887-E29FF26FD4A2}.Release|x86.ActiveCfg = Release|x86
		{708E2CD1-F27D-4528-A887-E29FF26FD4A2}.Release|x86.Build.0 = Release|x86
		{C22900C6-F622-4764-9C44-AFC39FFB7764}.Debug|Any CPU.ActiveCfg = Debug|Any CPU
		{C22900C6-F622-4764-9C44-AFC39FFB7764}.Debug|Any CPU.Build.0 = Debug|Any CPU
		{C22900C6-F622-4764-9C44-AFC39FFB7764}.Debug|x64.ActiveCfg = Debug|x64
		{C22900C6-F622-4764-9C44-AFC39FFB7764}.Debug|x64.Build.0 = Debug|x64
		{C22900C6-F622-4764-9C44-AFC39FFB7764}.Debug|x86.ActiveCfg = Debug|x86
		{C22900C6-F622-4764-9C44-AFC39FFB7764}.Debug|x86.Build.0 = Debug|x86
		{C22900C6-F622-4764-9C44-AFC39FFB7764}.Release|Any CPU.ActiveCfg = Release|Any CPU
		{C22900C6-F622-4764-9C44-AFC39FFB7764}.Release|Any CPU.Build.0 = Release|Any CPU
		{C22900C6-F622-4764-9C44-AFC39FFB7764}.Release|x64.ActiveCfg = Release|x64
		{C22900C6-F622-4764-9C44-AFC39FFB7764}.Release|x64.Build.0 = Release|x64
		{C22900C6-F622-4764-9C44-AFC39FFB7764}.Release|x86.ActiveCfg = Release|x86
		{C22900C6-F622-4764-9C44-AFC39FFB7764}.Release|x86.Build.0 = Release|x86
		{E0855A88-8D0C-4A22-A8EF-5F941AE2ADE0}.Debug|Any CPU.ActiveCfg = Debug|Any CPU
		{E0855A88-8D0C-4A22-A8EF-5F941AE2ADE0}.Debug|Any CPU.Build.0 = Debug|Any CPU
		{E0855A88-8D0C-4A22-A8EF-5F941AE2ADE0}.Debug|x64.ActiveCfg = Debug|x64
		{E0855A88-8D0C-4A22-A8EF-5F941AE2ADE0}.Debug|x64.Build.0 = Debug|x64
		{E0855A88-8D0C-4A22-A8EF-5F941AE2ADE0}.Debug|x86.ActiveCfg = Debug|x86
		{E0855A88-8D0C-4A22-A8EF-5F941AE2ADE0}.Debug|x86.Build.0 = Debug|x86
		{E0855A88-8D0C-4A22-A8EF-5F941AE2ADE0}.Release|Any CPU.ActiveCfg = Release|Any CPU
		{E0855A88-8D0C-4A22-A8EF-5F941AE2ADE0}.Release|Any CPU.Build.0 = Release|Any CPU
		{E0855A88-8D0C-4A22-A8EF-5F941AE2ADE0}.Release|x64.ActiveCfg = Release|x64
		{E0855A88-8D0C-4A22-A8EF-5F941AE2ADE0}.Release|x64.Build.0 = Release|x64
		{E0855A88-8D0C-4A22-A8EF-5F941AE2ADE0}.Release|x86.ActiveCfg = Release|x86
		{E0855A88-8D0C-4A22-A8EF-5F941AE2ADE0}.Release|x86.Build.0 = Release|x86
		{52FC668D-99DD-43FC-A52C-2C1FE37C8748}.Debug|Any CPU.ActiveCfg = Debug|Any CPU
		{52FC668D-99DD-43FC-A52C-2C1FE37C8748}.Debug|Any CPU.Build.0 = Debug|Any CPU
		{52FC668D-99DD-43FC-A52C-2C1FE37C8748}.Debug|x64.ActiveCfg = Debug|x64
		{52FC668D-99DD-43FC-A52C-2C1FE37C8748}.Debug|x64.Build.0 = Debug|x64
		{52FC668D-99DD-43FC-A52C-2C1FE37C8748}.Debug|x86.ActiveCfg = Debug|x86
		{52FC668D-99DD-43FC-A52C-2C1FE37C8748}.Debug|x86.Build.0 = Debug|x86
		{52FC668D-99DD-43FC-A52C-2C1FE37C8748}.Release|Any CPU.ActiveCfg = Release|Any CPU
		{52FC668D-99DD-43FC-A52C-2C1FE37C8748}.Release|Any CPU.Build.0 = Release|Any CPU
		{52FC668D-99DD-43FC-A52C-2C1FE37C8748}.Release|x64.ActiveCfg = Release|x64
		{52FC668D-99DD-43FC-A52C-2C1FE37C8748}.Release|x64.Build.0 = Release|x64
		{52FC668D-99DD-43FC-A52C-2C1FE37C8748}.Release|x86.ActiveCfg = Release|x86
		{52FC668D-99DD-43FC-A52C-2C1FE37C8748}.Release|x86.Build.0 = Release|x86
		{1481DA35-D4D1-4BE8-9A4C-09A4C4D12819}.Debug|Any CPU.ActiveCfg = Debug|Any CPU
		{1481DA35-D4D1-4BE8-9A4C-09A4C4D12819}.Debug|Any CPU.Build.0 = Debug|Any CPU
		{1481DA35-D4D1-4BE8-9A4C-09A4C4D12819}.Debug|x64.ActiveCfg = Debug|x64
		{1481DA35-D4D1-4BE8-9A4C-09A4C4D12819}.Debug|x64.Build.0 = Debug|x64
		{1481DA35-D4D1-4BE8-9A4C-09A4C4D12819}.Debug|x86.ActiveCfg = Debug|x86
		{1481DA35-D4D1-4BE8-9A4C-09A4C4D12819}.Debug|x86.Build.0 = Debug|x86
		{1481DA35-D4D1-4BE8-9A4C-09A4C4D12819}.Release|Any CPU.ActiveCfg = Release|Any CPU
		{1481DA35-D4D1-4BE8-9A4C-09A4C4D12819}.Release|Any CPU.Build.0 = Release|Any CPU
		{1481DA35-D4D1-4BE8-9A4C-09A4C4D12819}.Release|x64.ActiveCfg = Release|x64
		{1481DA35-D4D1-4BE8-9A4C-09A4C4D12819}.Release|x64.Build.0 = Release|x64
		{1481DA35-D4D1-4BE8-9A4C-09A4C4D12819}.Release|x86.ActiveCfg = Release|x86
		{1481DA35-D4D1-4BE8-9A4C-09A4C4D12819}.Release|x86.Build.0 = Release|x86
		{8782F507-E66A-4E42-945E-040E7E165D51}.Debug|Any CPU.ActiveCfg = Debug|Any CPU
		{8782F507-E66A-4E42-945E-040E7E165D51}.Debug|Any CPU.Build.0 = Debug|Any CPU
		{8782F507-E66A-4E42-945E-040E7E165D51}.Debug|x64.ActiveCfg = Debug|x64
		{8782F507-E66A-4E42-945E-040E7E165D51}.Debug|x64.Build.0 = Debug|x64
		{8782F507-E66A-4E42-945E-040E7E165D51}.Debug|x86.ActiveCfg = Debug|x86
		{8782F507-E66A-4E42-945E-040E7E165D51}.Debug|x86.Build.0 = Debug|x86
		{8782F507-E66A-4E42-945E-040E7E165D51}.Release|Any CPU.ActiveCfg = Release|Any CPU
		{8782F507-E66A-4E42-945E-040E7E165D51}.Release|Any CPU.Build.0 = Release|Any CPU
		{8782F507-E66A-4E42-945E-040E7E165D51}.Release|x64.ActiveCfg = Release|x64
		{8782F507-E66A-4E42-945E-040E7E165D51}.Release|x64.Build.0 = Release|x64
		{8782F507-E66A-4E42-945E-040E7E165D51}.Release|x86.ActiveCfg = Release|x86
		{8782F507-E66A-4E42-945E-040E7E165D51}.Release|x86.Build.0 = Release|x86
		{0AD89B43-E024-4FF7-B124-D4CA0D8F201F}.Debug|Any CPU.ActiveCfg = Debug|Any CPU
		{0AD89B43-E024-4FF7-B124-D4CA0D8F201F}.Debug|Any CPU.Build.0 = Debug|Any CPU
		{0AD89B43-E024-4FF7-B124-D4CA0D8F201F}.Debug|x64.ActiveCfg = Debug|x64
		{0AD89B43-E024-4FF7-B124-D4CA0D8F201F}.Debug|x64.Build.0 = Debug|x64
		{0AD89B43-E024-4FF7-B124-D4CA0D8F201F}.Debug|x86.ActiveCfg = Debug|x86
		{0AD89B43-E024-4FF7-B124-D4CA0D8F201F}.Debug|x86.Build.0 = Debug|x86
		{0AD89B43-E024-4FF7-B124-D4CA0D8F201F}.Release|Any CPU.ActiveCfg = Release|Any CPU
		{0AD89B43-E024-4FF7-B124-D4CA0D8F201F}.Release|Any CPU.Build.0 = Release|Any CPU
		{0AD89B43-E024-4FF7-B124-D4CA0D8F201F}.Release|x64.ActiveCfg = Release|x64
		{0AD89B43-E024-4FF7-B124-D4CA0D8F201F}.Release|x64.Build.0 = Release|x64
		{0AD89B43-E024-4FF7-B124-D4CA0D8F201F}.Release|x86.ActiveCfg = Release|x86
		{0AD89B43-E024-4FF7-B124-D4CA0D8F201F}.Release|x86.Build.0 = Release|x86
		{19518E7D-1076-409B-87A5-E37F4EC70A6B}.Debug|Any CPU.ActiveCfg = Debug|Any CPU
		{19518E7D-1076-409B-87A5-E37F4EC70A6B}.Debug|Any CPU.Build.0 = Debug|Any CPU
		{19518E7D-1076-409B-87A5-E37F4EC70A6B}.Debug|x64.ActiveCfg = Debug|x64
		{19518E7D-1076-409B-87A5-E37F4EC70A6B}.Debug|x64.Build.0 = Debug|x64
		{19518E7D-1076-409B-87A5-E37F4EC70A6B}.Debug|x86.ActiveCfg = Debug|x86
		{19518E7D-1076-409B-87A5-E37F4EC70A6B}.Debug|x86.Build.0 = Debug|x86
		{19518E7D-1076-409B-87A5-E37F4EC70A6B}.Release|Any CPU.ActiveCfg = Release|Any CPU
		{19518E7D-1076-409B-87A5-E37F4EC70A6B}.Release|Any CPU.Build.0 = Release|Any CPU
		{19518E7D-1076-409B-87A5-E37F4EC70A6B}.Release|x64.ActiveCfg = Release|x64
		{19518E7D-1076-409B-87A5-E37F4EC70A6B}.Release|x64.Build.0 = Release|x64
		{19518E7D-1076-409B-87A5-E37F4EC70A6B}.Release|x86.ActiveCfg = Release|x86
		{19518E7D-1076-409B-87A5-E37F4EC70A6B}.Release|x86.Build.0 = Release|x86
		{DA6CADAA-B590-41F3-ABA7-A1675154B943}.Debug|Any CPU.ActiveCfg = Debug|Any CPU
		{DA6CADAA-B590-41F3-ABA7-A1675154B943}.Debug|Any CPU.Build.0 = Debug|Any CPU
		{DA6CADAA-B590-41F3-ABA7-A1675154B943}.Debug|x64.ActiveCfg = Debug|x64
		{DA6CADAA-B590-41F3-ABA7-A1675154B943}.Debug|x64.Build.0 = Debug|x64
		{DA6CADAA-B590-41F3-ABA7-A1675154B943}.Debug|x86.ActiveCfg = Debug|x86
		{DA6CADAA-B590-41F3-ABA7-A1675154B943}.Debug|x86.Build.0 = Debug|x86
		{DA6CADAA-B590-41F3-ABA7-A1675154B943}.Release|Any CPU.ActiveCfg = Release|Any CPU
		{DA6CADAA-B590-41F3-ABA7-A1675154B943}.Release|Any CPU.Build.0 = Release|Any CPU
		{DA6CADAA-B590-41F3-ABA7-A1675154B943}.Release|x64.ActiveCfg = Release|x64
		{DA6CADAA-B590-41F3-ABA7-A1675154B943}.Release|x64.Build.0 = Release|x64
		{DA6CADAA-B590-41F3-ABA7-A1675154B943}.Release|x86.ActiveCfg = Release|x86
		{DA6CADAA-B590-41F3-ABA7-A1675154B943}.Release|x86.Build.0 = Release|x86
		{46328794-0480-4423-9F21-E49CF24ED9DC}.Debug|Any CPU.ActiveCfg = Debug|Any CPU
		{46328794-0480-4423-9F21-E49CF24ED9DC}.Debug|Any CPU.Build.0 = Debug|Any CPU
		{46328794-0480-4423-9F21-E49CF24ED9DC}.Debug|x64.ActiveCfg = Debug|x64
		{46328794-0480-4423-9F21-E49CF24ED9DC}.Debug|x64.Build.0 = Debug|x64
		{46328794-0480-4423-9F21-E49CF24ED9DC}.Debug|x86.ActiveCfg = Debug|x86
		{46328794-0480-4423-9F21-E49CF24ED9DC}.Debug|x86.Build.0 = Debug|x86
		{46328794-0480-4423-9F21-E49CF24ED9DC}.Release|Any CPU.ActiveCfg = Release|Any CPU
		{46328794-0480-4423-9F21-E49CF24ED9DC}.Release|Any CPU.Build.0 = Release|Any CPU
		{46328794-0480-4423-9F21-E49CF24ED9DC}.Release|x64.ActiveCfg = Release|x64
		{46328794-0480-4423-9F21-E49CF24ED9DC}.Release|x64.Build.0 = Release|x64
		{46328794-0480-4423-9F21-E49CF24ED9DC}.Release|x86.ActiveCfg = Release|x86
		{46328794-0480-4423-9F21-E49CF24ED9DC}.Release|x86.Build.0 = Release|x86
		{F7EE3F67-DEC4-4D43-8B81-AEF3593968C2}.Debug|Any CPU.ActiveCfg = Debug|Any CPU
		{F7EE3F67-DEC4-4D43-8B81-AEF3593968C2}.Debug|Any CPU.Build.0 = Debug|Any CPU
		{F7EE3F67-DEC4-4D43-8B81-AEF3593968C2}.Debug|x64.ActiveCfg = Debug|x64
		{F7EE3F67-DEC4-4D43-8B81-AEF3593968C2}.Debug|x64.Build.0 = Debug|x64
		{F7EE3F67-DEC4-4D43-8B81-AEF3593968C2}.Debug|x86.ActiveCfg = Debug|x86
		{F7EE3F67-DEC4-4D43-8B81-AEF3593968C2}.Debug|x86.Build.0 = Debug|x86
		{F7EE3F67-DEC4-4D43-8B81-AEF3593968C2}.Release|Any CPU.ActiveCfg = Release|Any CPU
		{F7EE3F67-DEC4-4D43-8B81-AEF3593968C2}.Release|Any CPU.Build.0 = Release|Any CPU
		{F7EE3F67-DEC4-4D43-8B81-AEF3593968C2}.Release|x64.ActiveCfg = Release|x64
		{F7EE3F67-DEC4-4D43-8B81-AEF3593968C2}.Release|x64.Build.0 = Release|x64
		{F7EE3F67-DEC4-4D43-8B81-AEF3593968C2}.Release|x86.ActiveCfg = Release|x86
		{F7EE3F67-DEC4-4D43-8B81-AEF3593968C2}.Release|x86.Build.0 = Release|x86
		{DA0C9BE7-FE94-49CA-9691-15B601722504}.Debug|Any CPU.ActiveCfg = Debug|Any CPU
		{DA0C9BE7-FE94-49CA-9691-15B601722504}.Debug|Any CPU.Build.0 = Debug|Any CPU
		{DA0C9BE7-FE94-49CA-9691-15B601722504}.Debug|x64.ActiveCfg = Debug|x64
		{DA0C9BE7-FE94-49CA-9691-15B601722504}.Debug|x64.Build.0 = Debug|x64
		{DA0C9BE7-FE94-49CA-9691-15B601722504}.Debug|x86.ActiveCfg = Debug|x86
		{DA0C9BE7-FE94-49CA-9691-15B601722504}.Debug|x86.Build.0 = Debug|x86
		{DA0C9BE7-FE94-49CA-9691-15B601722504}.Release|Any CPU.ActiveCfg = Release|Any CPU
		{DA0C9BE7-FE94-49CA-9691-15B601722504}.Release|Any CPU.Build.0 = Release|Any CPU
		{DA0C9BE7-FE94-49CA-9691-15B601722504}.Release|x64.ActiveCfg = Release|x64
		{DA0C9BE7-FE94-49CA-9691-15B601722504}.Release|x64.Build.0 = Release|x64
		{DA0C9BE7-FE94-49CA-9691-15B601722504}.Release|x86.ActiveCfg = Release|x86
		{DA0C9BE7-FE94-49CA-9691-15B601722504}.Release|x86.Build.0 = Release|x86
		{72471FD9-E8F7-45B9-B432-A0383358A684}.Debug|Any CPU.ActiveCfg = Debug|Any CPU
		{72471FD9-E8F7-45B9-B432-A0383358A684}.Debug|Any CPU.Build.0 = Debug|Any CPU
		{72471FD9-E8F7-45B9-B432-A0383358A684}.Debug|x64.ActiveCfg = Debug|Any CPU
		{72471FD9-E8F7-45B9-B432-A0383358A684}.Debug|x64.Build.0 = Debug|Any CPU
		{72471FD9-E8F7-45B9-B432-A0383358A684}.Debug|x86.ActiveCfg = Debug|Any CPU
		{72471FD9-E8F7-45B9-B432-A0383358A684}.Debug|x86.Build.0 = Debug|Any CPU
		{72471FD9-E8F7-45B9-B432-A0383358A684}.Release|Any CPU.ActiveCfg = Release|Any CPU
		{72471FD9-E8F7-45B9-B432-A0383358A684}.Release|Any CPU.Build.0 = Release|Any CPU
		{72471FD9-E8F7-45B9-B432-A0383358A684}.Release|x64.ActiveCfg = Release|Any CPU
		{72471FD9-E8F7-45B9-B432-A0383358A684}.Release|x64.Build.0 = Release|Any CPU
		{72471FD9-E8F7-45B9-B432-A0383358A684}.Release|x86.ActiveCfg = Release|Any CPU
		{72471FD9-E8F7-45B9-B432-A0383358A684}.Release|x86.Build.0 = Release|Any CPU
	EndGlobalSection
	GlobalSection(SolutionProperties) = preSolution
		HideSolutionNode = FALSE
	EndGlobalSection
	GlobalSection(NestedProjects) = preSolution
		{FB98EF4F-54D8-4439-BE40-B7C4BFA13DCB} = {BD5BB85B-D1E4-4C62-A32D-E3E472A00C6E}
		{45881726-1F8E-4FEE-8568-06F57BCFBC60} = {BD5BB85B-D1E4-4C62-A32D-E3E472A00C6E}
		{4D89BBA1-F78B-4F73-978D-A1156458141D} = {BD5BB85B-D1E4-4C62-A32D-E3E472A00C6E}
		{FC4BD617-29A7-42AB-88C7-DE277F143EEC} = {BD5BB85B-D1E4-4C62-A32D-E3E472A00C6E}
		{50705165-E967-42E9-924D-DB1F9C341E02} = {A71EB794-246A-464C-A8C2-8D9734FE231D}
		{F350D949-50C5-4F05-862B-2534E8BA6DAA} = {A71EB794-246A-464C-A8C2-8D9734FE231D}
		{A600566C-595D-420F-9F44-86CBB67C0CEE} = {081669E5-7011-46DB-954E-B906EC226ED3}
		{F617A3E2-EEBF-459D-A2A1-19A917B9870E} = {081669E5-7011-46DB-954E-B906EC226ED3}
		{708E2CD1-F27D-4528-A887-E29FF26FD4A2} = {081669E5-7011-46DB-954E-B906EC226ED3}
		{C22900C6-F622-4764-9C44-AFC39FFB7764} = {950E5CD6-1F7F-4FC9-B05C-D62EBCFC8B69}
		{32655590-3D65-4C75-939E-78863E765BF9} = {2A963E4A-0BF4-4225-A93A-5AD464A02E1A}
		{E0855A88-8D0C-4A22-A8EF-5F941AE2ADE0} = {32655590-3D65-4C75-939E-78863E765BF9}
		{52FC668D-99DD-43FC-A52C-2C1FE37C8748} = {13875005-1B85-446C-BED3-50840F671099}
		{1481DA35-D4D1-4BE8-9A4C-09A4C4D12819} = {13875005-1B85-446C-BED3-50840F671099}
		{0AD89B43-E024-4FF7-B124-D4CA0D8F201F} = {13875005-1B85-446C-BED3-50840F671099}
		{19518E7D-1076-409B-87A5-E37F4EC70A6B} = {13875005-1B85-446C-BED3-50840F671099}
		{DA6CADAA-B590-41F3-ABA7-A1675154B943} = {13875005-1B85-446C-BED3-50840F671099}
		{46328794-0480-4423-9F21-E49CF24ED9DC} = {13875005-1B85-446C-BED3-50840F671099}
		{DA0C9BE7-FE94-49CA-9691-15B601722504} = {2963F48A-F0F2-4C10-B087-B238B3EDFEAF}
		{72471FD9-E8F7-45B9-B432-A0383358A684} = {2963F48A-F0F2-4C10-B087-B238B3EDFEAF}
	EndGlobalSection
	GlobalSection(ExtensibilityGlobals) = postSolution
		SolutionGuid = {1E8EE6A0-1037-49F2-8C63-D7650E3925B7}
	EndGlobalSection
EndGlobal
