
Microsoft Visual Studio Solution File, Format Version 12.00
# Visual Studio Version 16
VisualStudioVersion = 16.0.29519.181
MinimumVisualStudioVersion = 10.0.40219.1
Project("{9A19103F-16F7-4668-BE54-9A1E7A4F7556}") = "Waves.Core.Base", "..\sources\Waves.Core.Base\Waves.Core.Base.csproj", "{FB98EF4F-54D8-4439-BE40-B7C4BFA13DCB}"
EndProject
Project("{9A19103F-16F7-4668-BE54-9A1E7A4F7556}") = "Waves.Core.Devices", "..\sources\Waves.Core.Devices\Waves.Core.Devices.csproj", "{F350D949-50C5-4F05-862B-2534E8BA6DAA}"
EndProject
Project("{9A19103F-16F7-4668-BE54-9A1E7A4F7556}") = "Waves.Core.IO", "..\sources\Waves.Core.IO\Waves.Core.IO.csproj", "{A600566C-595D-420F-9F44-86CBB67C0CEE}"
EndProject
Project("{9A19103F-16F7-4668-BE54-9A1E7A4F7556}") = "Waves.Core", "..\sources\Waves.Core\Waves.Core.csproj", "{8782F507-E66A-4E42-945E-040E7E165D51}"
EndProject
Project("{9A19103F-16F7-4668-BE54-9A1E7A4F7556}") = "Waves.Core.Sandbox", "..\sources\Waves.Core.Sandbox\Waves.Core.Sandbox.csproj", "{F7EE3F67-DEC4-4D43-8B81-AEF3593968C2}"
EndProject
Project("{2150E333-8FDC-42A3-9474-1A3956D46DE8}") = "Tests", "Tests", "{2963F48A-F0F2-4C10-B087-B238B3EDFEAF}"
EndProject
Project("{9A19103F-16F7-4668-BE54-9A1E7A4F7556}") = "Waves.Core.Tests", "..\sources\Waves.Core.Tests\Waves.Core.Tests\Waves.Core.Tests.csproj", "{DA0C9BE7-FE94-49CA-9691-15B601722504}"
EndProject
Project("{2150E333-8FDC-42A3-9474-1A3956D46DE8}") = "Services", "Services", "{57DA590A-C2E1-4430-9D08-BA6F04962059}"
EndProject
Project("{9A19103F-16F7-4668-BE54-9A1E7A4F7556}") = "Waves.Core.Service.Logging.NLog", "..\sources\Waves.Core.Service.Logging.NLog\Waves.Core.Service.Logging.NLog.csproj", "{0F089CB8-E6B1-46CF-AB7B-819898F0E9D8}"
EndProject
Project("{9A19103F-16F7-4668-BE54-9A1E7A4F7556}") = "Waves.Core.Service.Applications", "..\sources\Waves.Core.Service.Applications\Waves.Core.Service.Applications.csproj", "{6D434494-8CBB-4140-9791-34A32C615CD2}"
EndProject
Project("{9A19103F-16F7-4668-BE54-9A1E7A4F7556}") = "Waves.Core.Service.Modules", "..\sources\Waves.Core.Service.Modules\Waves.Core.Service.Modules.csproj", "{7821040C-D641-453A-A064-BF6F94ED0624}"
EndProject
Project("{9A19103F-16F7-4668-BE54-9A1E7A4F7556}") = "Waves.Core.Service.Input", "..\sources\Waves.Core.Service.Input\Waves.Core.Service.Input.csproj", "{3238BC71-2FEF-48E9-A593-94AB8ED99BDC}"
EndProject
Project("{9A19103F-16F7-4668-BE54-9A1E7A4F7556}") = "Waves.Core.Service.Container.Autofac", "..\sources\Waves.Core.Service.Container.Autofac\Waves.Core.Service.Container.Autofac.csproj", "{A9041E9A-7D15-4BBB-83E4-4AE4011540A8}"
EndProject
Project("{9A19103F-16F7-4668-BE54-9A1E7A4F7556}") = "Waves.Core.Service.Native", "..\sources\Waves.Core.Service.Native\Waves.Core.Service.Native.csproj", "{EFB31DA2-16E0-46AF-AD63-25C00EE4C111}"
EndProject
Project("{9A19103F-16F7-4668-BE54-9A1E7A4F7556}") = "Waves.Core.Base.Tests", "..\sources\Waves.Core.Tests\Waves.Core.Base.Tests\Waves.Core.Base.Tests.csproj", "{81240AF6-8135-45A7-96E8-88E19FD4B122}"
EndProject
Project("{2150E333-8FDC-42A3-9474-1A3956D46DE8}") = "Utils", "Utils", "{408350DA-EFF9-4053-B183-DEA9107345A0}"
EndProject
Project("{9A19103F-16F7-4668-BE54-9A1E7A4F7556}") = "Waves.Utils.Serialization", "..\submodules\utils\sources\Waves.Utils.Serialization\Waves.Utils.Serialization.csproj", "{64DA1574-54F6-4501-9D85-1724133F6974}"
EndProject
Global
	GlobalSection(SolutionConfigurationPlatforms) = preSolution
		Debug|Any CPU = Debug|Any CPU
		Debug|x64 = Debug|x64
		Debug|x86 = Debug|x86
		Release|Any CPU = Release|Any CPU
		Release|x64 = Release|x64
		Release|x86 = Release|x86
	EndGlobalSection
	GlobalSection(ProjectConfigurationPlatforms) = postSolution
		{FB98EF4F-54D8-4439-BE40-B7C4BFA13DCB}.Debug|Any CPU.ActiveCfg = Debug|Any CPU
		{FB98EF4F-54D8-4439-BE40-B7C4BFA13DCB}.Debug|Any CPU.Build.0 = Debug|Any CPU
		{FB98EF4F-54D8-4439-BE40-B7C4BFA13DCB}.Debug|x64.ActiveCfg = Debug|x64
		{FB98EF4F-54D8-4439-BE40-B7C4BFA13DCB}.Debug|x64.Build.0 = Debug|x64
		{FB98EF4F-54D8-4439-BE40-B7C4BFA13DCB}.Debug|x86.ActiveCfg = Debug|x86
		{FB98EF4F-54D8-4439-BE40-B7C4BFA13DCB}.Debug|x86.Build.0 = Debug|x86
		{FB98EF4F-54D8-4439-BE40-B7C4BFA13DCB}.Release|Any CPU.ActiveCfg = Release|Any CPU
		{FB98EF4F-54D8-4439-BE40-B7C4BFA13DCB}.Release|Any CPU.Build.0 = Release|Any CPU
		{FB98EF4F-54D8-4439-BE40-B7C4BFA13DCB}.Release|x64.ActiveCfg = Release|x64
		{FB98EF4F-54D8-4439-BE40-B7C4BFA13DCB}.Release|x64.Build.0 = Release|x64
		{FB98EF4F-54D8-4439-BE40-B7C4BFA13DCB}.Release|x86.ActiveCfg = Release|x86
		{FB98EF4F-54D8-4439-BE40-B7C4BFA13DCB}.Release|x86.Build.0 = Release|x86
		{F350D949-50C5-4F05-862B-2534E8BA6DAA}.Debug|Any CPU.ActiveCfg = Debug|Any CPU
		{F350D949-50C5-4F05-862B-2534E8BA6DAA}.Debug|Any CPU.Build.0 = Debug|Any CPU
		{F350D949-50C5-4F05-862B-2534E8BA6DAA}.Debug|x64.ActiveCfg = Debug|x64
		{F350D949-50C5-4F05-862B-2534E8BA6DAA}.Debug|x64.Build.0 = Debug|x64
		{F350D949-50C5-4F05-862B-2534E8BA6DAA}.Debug|x86.ActiveCfg = Debug|x86
		{F350D949-50C5-4F05-862B-2534E8BA6DAA}.Debug|x86.Build.0 = Debug|x86
		{F350D949-50C5-4F05-862B-2534E8BA6DAA}.Release|Any CPU.ActiveCfg = Release|Any CPU
		{F350D949-50C5-4F05-862B-2534E8BA6DAA}.Release|Any CPU.Build.0 = Release|Any CPU
		{F350D949-50C5-4F05-862B-2534E8BA6DAA}.Release|x64.ActiveCfg = Release|x64
		{F350D949-50C5-4F05-862B-2534E8BA6DAA}.Release|x64.Build.0 = Release|x64
		{F350D949-50C5-4F05-862B-2534E8BA6DAA}.Release|x86.ActiveCfg = Release|x86
		{F350D949-50C5-4F05-862B-2534E8BA6DAA}.Release|x86.Build.0 = Release|x86
		{A600566C-595D-420F-9F44-86CBB67C0CEE}.Debug|Any CPU.ActiveCfg = Debug|Any CPU
		{A600566C-595D-420F-9F44-86CBB67C0CEE}.Debug|Any CPU.Build.0 = Debug|Any CPU
		{A600566C-595D-420F-9F44-86CBB67C0CEE}.Debug|x64.ActiveCfg = Debug|x64
		{A600566C-595D-420F-9F44-86CBB67C0CEE}.Debug|x64.Build.0 = Debug|x64
		{A600566C-595D-420F-9F44-86CBB67C0CEE}.Debug|x86.ActiveCfg = Debug|x86
		{A600566C-595D-420F-9F44-86CBB67C0CEE}.Debug|x86.Build.0 = Debug|x86
		{A600566C-595D-420F-9F44-86CBB67C0CEE}.Release|Any CPU.ActiveCfg = Release|Any CPU
		{A600566C-595D-420F-9F44-86CBB67C0CEE}.Release|Any CPU.Build.0 = Release|Any CPU
		{A600566C-595D-420F-9F44-86CBB67C0CEE}.Release|x64.ActiveCfg = Release|x64
		{A600566C-595D-420F-9F44-86CBB67C0CEE}.Release|x64.Build.0 = Release|x64
		{A600566C-595D-420F-9F44-86CBB67C0CEE}.Release|x86.ActiveCfg = Release|x86
		{A600566C-595D-420F-9F44-86CBB67C0CEE}.Release|x86.Build.0 = Release|x86
		{8782F507-E66A-4E42-945E-040E7E165D51}.Debug|Any CPU.ActiveCfg = Debug|Any CPU
		{8782F507-E66A-4E42-945E-040E7E165D51}.Debug|Any CPU.Build.0 = Debug|Any CPU
		{8782F507-E66A-4E42-945E-040E7E165D51}.Debug|x64.ActiveCfg = Debug|x64
		{8782F507-E66A-4E42-945E-040E7E165D51}.Debug|x64.Build.0 = Debug|x64
		{8782F507-E66A-4E42-945E-040E7E165D51}.Debug|x86.ActiveCfg = Debug|x86
		{8782F507-E66A-4E42-945E-040E7E165D51}.Debug|x86.Build.0 = Debug|x86
		{8782F507-E66A-4E42-945E-040E7E165D51}.Release|Any CPU.ActiveCfg = Release|Any CPU
		{8782F507-E66A-4E42-945E-040E7E165D51}.Release|Any CPU.Build.0 = Release|Any CPU
		{8782F507-E66A-4E42-945E-040E7E165D51}.Release|x64.ActiveCfg = Release|x64
		{8782F507-E66A-4E42-945E-040E7E165D51}.Release|x64.Build.0 = Release|x64
		{8782F507-E66A-4E42-945E-040E7E165D51}.Release|x86.ActiveCfg = Release|x86
		{8782F507-E66A-4E42-945E-040E7E165D51}.Release|x86.Build.0 = Release|x86
		{F7EE3F67-DEC4-4D43-8B81-AEF3593968C2}.Debug|Any CPU.ActiveCfg = Debug|Any CPU
		{F7EE3F67-DEC4-4D43-8B81-AEF3593968C2}.Debug|Any CPU.Build.0 = Debug|Any CPU
		{F7EE3F67-DEC4-4D43-8B81-AEF3593968C2}.Debug|x64.ActiveCfg = Debug|x64
		{F7EE3F67-DEC4-4D43-8B81-AEF3593968C2}.Debug|x64.Build.0 = Debug|x64
		{F7EE3F67-DEC4-4D43-8B81-AEF3593968C2}.Debug|x86.ActiveCfg = Debug|x86
		{F7EE3F67-DEC4-4D43-8B81-AEF3593968C2}.Debug|x86.Build.0 = Debug|x86
		{F7EE3F67-DEC4-4D43-8B81-AEF3593968C2}.Release|Any CPU.ActiveCfg = Release|Any CPU
		{F7EE3F67-DEC4-4D43-8B81-AEF3593968C2}.Release|Any CPU.Build.0 = Release|Any CPU
		{F7EE3F67-DEC4-4D43-8B81-AEF3593968C2}.Release|x64.ActiveCfg = Release|x64
		{F7EE3F67-DEC4-4D43-8B81-AEF3593968C2}.Release|x64.Build.0 = Release|x64
		{F7EE3F67-DEC4-4D43-8B81-AEF3593968C2}.Release|x86.ActiveCfg = Release|x86
		{F7EE3F67-DEC4-4D43-8B81-AEF3593968C2}.Release|x86.Build.0 = Release|x86
		{DA0C9BE7-FE94-49CA-9691-15B601722504}.Debug|Any CPU.ActiveCfg = Debug|Any CPU
		{DA0C9BE7-FE94-49CA-9691-15B601722504}.Debug|Any CPU.Build.0 = Debug|Any CPU
		{DA0C9BE7-FE94-49CA-9691-15B601722504}.Debug|x64.ActiveCfg = Debug|x64
		{DA0C9BE7-FE94-49CA-9691-15B601722504}.Debug|x64.Build.0 = Debug|x64
		{DA0C9BE7-FE94-49CA-9691-15B601722504}.Debug|x86.ActiveCfg = Debug|x86
		{DA0C9BE7-FE94-49CA-9691-15B601722504}.Debug|x86.Build.0 = Debug|x86
		{DA0C9BE7-FE94-49CA-9691-15B601722504}.Release|Any CPU.ActiveCfg = Release|Any CPU
		{DA0C9BE7-FE94-49CA-9691-15B601722504}.Release|Any CPU.Build.0 = Release|Any CPU
		{DA0C9BE7-FE94-49CA-9691-15B601722504}.Release|x64.ActiveCfg = Release|x64
		{DA0C9BE7-FE94-49CA-9691-15B601722504}.Release|x64.Build.0 = Release|x64
		{DA0C9BE7-FE94-49CA-9691-15B601722504}.Release|x86.ActiveCfg = Release|x86
		{DA0C9BE7-FE94-49CA-9691-15B601722504}.Release|x86.Build.0 = Release|x86
		{0F089CB8-E6B1-46CF-AB7B-819898F0E9D8}.Debug|Any CPU.ActiveCfg = Debug|Any CPU
		{0F089CB8-E6B1-46CF-AB7B-819898F0E9D8}.Debug|Any CPU.Build.0 = Debug|Any CPU
		{0F089CB8-E6B1-46CF-AB7B-819898F0E9D8}.Debug|x64.ActiveCfg = Debug|Any CPU
		{0F089CB8-E6B1-46CF-AB7B-819898F0E9D8}.Debug|x64.Build.0 = Debug|Any CPU
		{0F089CB8-E6B1-46CF-AB7B-819898F0E9D8}.Debug|x86.ActiveCfg = Debug|Any CPU
		{0F089CB8-E6B1-46CF-AB7B-819898F0E9D8}.Debug|x86.Build.0 = Debug|Any CPU
		{0F089CB8-E6B1-46CF-AB7B-819898F0E9D8}.Release|Any CPU.ActiveCfg = Release|Any CPU
		{0F089CB8-E6B1-46CF-AB7B-819898F0E9D8}.Release|Any CPU.Build.0 = Release|Any CPU
		{0F089CB8-E6B1-46CF-AB7B-819898F0E9D8}.Release|x64.ActiveCfg = Release|Any CPU
		{0F089CB8-E6B1-46CF-AB7B-819898F0E9D8}.Release|x64.Build.0 = Release|Any CPU
		{0F089CB8-E6B1-46CF-AB7B-819898F0E9D8}.Release|x86.ActiveCfg = Release|Any CPU
		{0F089CB8-E6B1-46CF-AB7B-819898F0E9D8}.Release|x86.Build.0 = Release|Any CPU
		{6D434494-8CBB-4140-9791-34A32C615CD2}.Debug|Any CPU.ActiveCfg = Debug|Any CPU
		{6D434494-8CBB-4140-9791-34A32C615CD2}.Debug|Any CPU.Build.0 = Debug|Any CPU
		{6D434494-8CBB-4140-9791-34A32C615CD2}.Debug|x64.ActiveCfg = Debug|Any CPU
		{6D434494-8CBB-4140-9791-34A32C615CD2}.Debug|x64.Build.0 = Debug|Any CPU
		{6D434494-8CBB-4140-9791-34A32C615CD2}.Debug|x86.ActiveCfg = Debug|Any CPU
		{6D434494-8CBB-4140-9791-34A32C615CD2}.Debug|x86.Build.0 = Debug|Any CPU
		{6D434494-8CBB-4140-9791-34A32C615CD2}.Release|Any CPU.ActiveCfg = Release|Any CPU
		{6D434494-8CBB-4140-9791-34A32C615CD2}.Release|Any CPU.Build.0 = Release|Any CPU
		{6D434494-8CBB-4140-9791-34A32C615CD2}.Release|x64.ActiveCfg = Release|Any CPU
		{6D434494-8CBB-4140-9791-34A32C615CD2}.Release|x64.Build.0 = Release|Any CPU
		{6D434494-8CBB-4140-9791-34A32C615CD2}.Release|x86.ActiveCfg = Release|Any CPU
		{6D434494-8CBB-4140-9791-34A32C615CD2}.Release|x86.Build.0 = Release|Any CPU
		{7821040C-D641-453A-A064-BF6F94ED0624}.Debug|Any CPU.ActiveCfg = Debug|Any CPU
		{7821040C-D641-453A-A064-BF6F94ED0624}.Debug|Any CPU.Build.0 = Debug|Any CPU
		{7821040C-D641-453A-A064-BF6F94ED0624}.Debug|x64.ActiveCfg = Debug|Any CPU
		{7821040C-D641-453A-A064-BF6F94ED0624}.Debug|x64.Build.0 = Debug|Any CPU
		{7821040C-D641-453A-A064-BF6F94ED0624}.Debug|x86.ActiveCfg = Debug|Any CPU
		{7821040C-D641-453A-A064-BF6F94ED0624}.Debug|x86.Build.0 = Debug|Any CPU
		{7821040C-D641-453A-A064-BF6F94ED0624}.Release|Any CPU.ActiveCfg = Release|Any CPU
		{7821040C-D641-453A-A064-BF6F94ED0624}.Release|Any CPU.Build.0 = Release|Any CPU
		{7821040C-D641-453A-A064-BF6F94ED0624}.Release|x64.ActiveCfg = Release|Any CPU
		{7821040C-D641-453A-A064-BF6F94ED0624}.Release|x64.Build.0 = Release|Any CPU
		{7821040C-D641-453A-A064-BF6F94ED0624}.Release|x86.ActiveCfg = Release|Any CPU
		{7821040C-D641-453A-A064-BF6F94ED0624}.Release|x86.Build.0 = Release|Any CPU
		{3238BC71-2FEF-48E9-A593-94AB8ED99BDC}.Debug|Any CPU.ActiveCfg = Debug|Any CPU
		{3238BC71-2FEF-48E9-A593-94AB8ED99BDC}.Debug|Any CPU.Build.0 = Debug|Any CPU
		{3238BC71-2FEF-48E9-A593-94AB8ED99BDC}.Debug|x64.ActiveCfg = Debug|x64
		{3238BC71-2FEF-48E9-A593-94AB8ED99BDC}.Debug|x64.Build.0 = Debug|x64
		{3238BC71-2FEF-48E9-A593-94AB8ED99BDC}.Debug|x86.ActiveCfg = Debug|x86
		{3238BC71-2FEF-48E9-A593-94AB8ED99BDC}.Debug|x86.Build.0 = Debug|x86
		{3238BC71-2FEF-48E9-A593-94AB8ED99BDC}.Release|Any CPU.ActiveCfg = Release|Any CPU
		{3238BC71-2FEF-48E9-A593-94AB8ED99BDC}.Release|Any CPU.Build.0 = Release|Any CPU
		{3238BC71-2FEF-48E9-A593-94AB8ED99BDC}.Release|x64.ActiveCfg = Release|x64
		{3238BC71-2FEF-48E9-A593-94AB8ED99BDC}.Release|x64.Build.0 = Release|x64
		{3238BC71-2FEF-48E9-A593-94AB8ED99BDC}.Release|x86.ActiveCfg = Release|x86
		{3238BC71-2FEF-48E9-A593-94AB8ED99BDC}.Release|x86.Build.0 = Release|x86
		{A9041E9A-7D15-4BBB-83E4-4AE4011540A8}.Debug|Any CPU.ActiveCfg = Debug|Any CPU
		{A9041E9A-7D15-4BBB-83E4-4AE4011540A8}.Debug|Any CPU.Build.0 = Debug|Any CPU
		{A9041E9A-7D15-4BBB-83E4-4AE4011540A8}.Debug|x64.ActiveCfg = Debug|Any CPU
		{A9041E9A-7D15-4BBB-83E4-4AE4011540A8}.Debug|x64.Build.0 = Debug|Any CPU
		{A9041E9A-7D15-4BBB-83E4-4AE4011540A8}.Debug|x86.ActiveCfg = Debug|Any CPU
		{A9041E9A-7D15-4BBB-83E4-4AE4011540A8}.Debug|x86.Build.0 = Debug|Any CPU
		{A9041E9A-7D15-4BBB-83E4-4AE4011540A8}.Release|Any CPU.ActiveCfg = Release|Any CPU
		{A9041E9A-7D15-4BBB-83E4-4AE4011540A8}.Release|Any CPU.Build.0 = Release|Any CPU
		{A9041E9A-7D15-4BBB-83E4-4AE4011540A8}.Release|x64.ActiveCfg = Release|Any CPU
		{A9041E9A-7D15-4BBB-83E4-4AE4011540A8}.Release|x64.Build.0 = Release|Any CPU
		{A9041E9A-7D15-4BBB-83E4-4AE4011540A8}.Release|x86.ActiveCfg = Release|Any CPU
		{A9041E9A-7D15-4BBB-83E4-4AE4011540A8}.Release|x86.Build.0 = Release|Any CPU
		{EFB31DA2-16E0-46AF-AD63-25C00EE4C111}.Debug|Any CPU.ActiveCfg = Debug|Any CPU
		{EFB31DA2-16E0-46AF-AD63-25C00EE4C111}.Debug|Any CPU.Build.0 = Debug|Any CPU
		{EFB31DA2-16E0-46AF-AD63-25C00EE4C111}.Debug|x64.ActiveCfg = Debug|Any CPU
		{EFB31DA2-16E0-46AF-AD63-25C00EE4C111}.Debug|x64.Build.0 = Debug|Any CPU
		{EFB31DA2-16E0-46AF-AD63-25C00EE4C111}.Debug|x86.ActiveCfg = Debug|Any CPU
		{EFB31DA2-16E0-46AF-AD63-25C00EE4C111}.Debug|x86.Build.0 = Debug|Any CPU
		{EFB31DA2-16E0-46AF-AD63-25C00EE4C111}.Release|Any CPU.ActiveCfg = Release|Any CPU
		{EFB31DA2-16E0-46AF-AD63-25C00EE4C111}.Release|Any CPU.Build.0 = Release|Any CPU
		{EFB31DA2-16E0-46AF-AD63-25C00EE4C111}.Release|x64.ActiveCfg = Release|Any CPU
		{EFB31DA2-16E0-46AF-AD63-25C00EE4C111}.Release|x64.Build.0 = Release|Any CPU
		{EFB31DA2-16E0-46AF-AD63-25C00EE4C111}.Release|x86.ActiveCfg = Release|Any CPU
		{EFB31DA2-16E0-46AF-AD63-25C00EE4C111}.Release|x86.Build.0 = Release|Any CPU
		{81240AF6-8135-45A7-96E8-88E19FD4B122}.Debug|Any CPU.ActiveCfg = Debug|Any CPU
		{81240AF6-8135-45A7-96E8-88E19FD4B122}.Debug|Any CPU.Build.0 = Debug|Any CPU
		{81240AF6-8135-45A7-96E8-88E19FD4B122}.Debug|x64.ActiveCfg = Debug|x64
		{81240AF6-8135-45A7-96E8-88E19FD4B122}.Debug|x64.Build.0 = Debug|x64
		{81240AF6-8135-45A7-96E8-88E19FD4B122}.Debug|x86.ActiveCfg = Debug|x86
		{81240AF6-8135-45A7-96E8-88E19FD4B122}.Debug|x86.Build.0 = Debug|x86
		{81240AF6-8135-45A7-96E8-88E19FD4B122}.Release|Any CPU.ActiveCfg = Release|Any CPU
		{81240AF6-8135-45A7-96E8-88E19FD4B122}.Release|Any CPU.Build.0 = Release|Any CPU
		{81240AF6-8135-45A7-96E8-88E19FD4B122}.Release|x64.ActiveCfg = Release|x64
		{81240AF6-8135-45A7-96E8-88E19FD4B122}.Release|x64.Build.0 = Release|x64
		{81240AF6-8135-45A7-96E8-88E19FD4B122}.Release|x86.ActiveCfg = Release|x86
		{81240AF6-8135-45A7-96E8-88E19FD4B122}.Release|x86.Build.0 = Release|x86
		{64DA1574-54F6-4501-9D85-1724133F6974}.Debug|Any CPU.ActiveCfg = Debug|Any CPU
		{64DA1574-54F6-4501-9D85-1724133F6974}.Debug|Any CPU.Build.0 = Debug|Any CPU
		{64DA1574-54F6-4501-9D85-1724133F6974}.Debug|x64.ActiveCfg = Debug|x64
		{64DA1574-54F6-4501-9D85-1724133F6974}.Debug|x64.Build.0 = Debug|x64
		{64DA1574-54F6-4501-9D85-1724133F6974}.Debug|x86.ActiveCfg = Debug|x86
		{64DA1574-54F6-4501-9D85-1724133F6974}.Debug|x86.Build.0 = Debug|x86
		{64DA1574-54F6-4501-9D85-1724133F6974}.Release|Any CPU.ActiveCfg = Release|Any CPU
		{64DA1574-54F6-4501-9D85-1724133F6974}.Release|Any CPU.Build.0 = Release|Any CPU
		{64DA1574-54F6-4501-9D85-1724133F6974}.Release|x64.ActiveCfg = Release|x64
		{64DA1574-54F6-4501-9D85-1724133F6974}.Release|x64.Build.0 = Release|x64
		{64DA1574-54F6-4501-9D85-1724133F6974}.Release|x86.ActiveCfg = Release|x86
		{64DA1574-54F6-4501-9D85-1724133F6974}.Release|x86.Build.0 = Release|x86
	EndGlobalSection
	GlobalSection(SolutionProperties) = preSolution
		HideSolutionNode = FALSE
	EndGlobalSection
	GlobalSection(NestedProjects) = preSolution
		{DA0C9BE7-FE94-49CA-9691-15B601722504} = {2963F48A-F0F2-4C10-B087-B238B3EDFEAF}
		{0F089CB8-E6B1-46CF-AB7B-819898F0E9D8} = {57DA590A-C2E1-4430-9D08-BA6F04962059}
		{6D434494-8CBB-4140-9791-34A32C615CD2} = {57DA590A-C2E1-4430-9D08-BA6F04962059}
		{7821040C-D641-453A-A064-BF6F94ED0624} = {57DA590A-C2E1-4430-9D08-BA6F04962059}
		{3238BC71-2FEF-48E9-A593-94AB8ED99BDC} = {57DA590A-C2E1-4430-9D08-BA6F04962059}
		{A9041E9A-7D15-4BBB-83E4-4AE4011540A8} = {57DA590A-C2E1-4430-9D08-BA6F04962059}
		{EFB31DA2-16E0-46AF-AD63-25C00EE4C111} = {57DA590A-C2E1-4430-9D08-BA6F04962059}
		{81240AF6-8135-45A7-96E8-88E19FD4B122} = {2963F48A-F0F2-4C10-B087-B238B3EDFEAF}
		{64DA1574-54F6-4501-9D85-1724133F6974} = {408350DA-EFF9-4053-B183-DEA9107345A0}
	EndGlobalSection
	GlobalSection(ExtensibilityGlobals) = postSolution
		SolutionGuid = {1E8EE6A0-1037-49F2-8C63-D7650E3925B7}
	EndGlobalSection
EndGlobal
