
Microsoft Visual Studio Solution File, Format Version 12.00
# Visual Studio Version 16
VisualStudioVersion = 16.0.29519.181
MinimumVisualStudioVersion = 10.0.40219.1
Project("{FAE04EC0-301F-11D3-BF4B-00C04F79EFBC}") = "Waves.Core", "..\sources\Waves.Core\Waves.Core.csproj", "{58AC79C3-9ED8-46BE-8A4E-EFCF08848FE3}"
EndProject
Project("{2150E333-8FDC-42A3-9474-1A3956D46DE8}") = "Build", "Build", "{515CA84E-FB48-4E54-8DFA-3EB2E948A7C7}"
EndProject
Project("{2150E333-8FDC-42A3-9474-1A3956D46DE8}") = "Props", "Props", "{C0019410-C602-4ABA-B970-6AE4A5128631}"
	ProjectSection(SolutionItems) = preProject
		..\build\props\common.props = ..\build\props\common.props
	EndProjectSection
EndProject
Project("{2150E333-8FDC-42A3-9474-1A3956D46DE8}") = "StyleCop", "StyleCop", "{AE6577B5-EC22-4B4C-BF17-CC5F000C4E56}"
	ProjectSection(SolutionItems) = preProject
		..\build\stylecop\stylecop.json = ..\build\stylecop\stylecop.json
		..\build\stylecop\stylecop.targets = ..\build\stylecop\stylecop.targets
		..\build\stylecop\waves.stylecop.ruleset = ..\build\stylecop\waves.stylecop.ruleset
		..\build\stylecop\waves.stylecop.withoutdocs.ruleset = ..\build\stylecop\waves.stylecop.withoutdocs.ruleset
	EndProjectSection
EndProject
Project("{FAE04EC0-301F-11D3-BF4B-00C04F79EFBC}") = "Waves.Core.Sandbox", "..\sources\Waves.Core.Sandbox\Waves.Core.Sandbox.csproj", "{2A1F3B72-E79E-45DE-BD97-342EE375D77F}"
EndProject
Project("{2150E333-8FDC-42A3-9474-1A3956D46DE8}") = "Documentation", "Documentation", "{B5D5734D-33CB-4941-9501-DC3B942D9C98}"
	ProjectSection(SolutionItems) = preProject
		..\license.md = ..\license.md
		..\notice.md = ..\notice.md
		..\readme.md = ..\readme.md
	EndProjectSection
EndProject
Global
	GlobalSection(SolutionConfigurationPlatforms) = preSolution
		Debug|Any CPU = Debug|Any CPU
		Debug|x64 = Debug|x64
		Debug|x86 = Debug|x86
		Release|Any CPU = Release|Any CPU
		Release|x64 = Release|x64
		Release|x86 = Release|x86
	EndGlobalSection
	GlobalSection(ProjectConfigurationPlatforms) = postSolution
		{58AC79C3-9ED8-46BE-8A4E-EFCF08848FE3}.Debug|Any CPU.ActiveCfg = Debug|Any CPU
		{58AC79C3-9ED8-46BE-8A4E-EFCF08848FE3}.Debug|Any CPU.Build.0 = Debug|Any CPU
		{58AC79C3-9ED8-46BE-8A4E-EFCF08848FE3}.Release|Any CPU.ActiveCfg = Release|Any CPU
		{58AC79C3-9ED8-46BE-8A4E-EFCF08848FE3}.Release|Any CPU.Build.0 = Release|Any CPU
		{58AC79C3-9ED8-46BE-8A4E-EFCF08848FE3}.Debug|x64.ActiveCfg = Debug|x64
		{58AC79C3-9ED8-46BE-8A4E-EFCF08848FE3}.Debug|x64.Build.0 = Debug|x64
		{58AC79C3-9ED8-46BE-8A4E-EFCF08848FE3}.Debug|x86.ActiveCfg = Debug|x86
		{58AC79C3-9ED8-46BE-8A4E-EFCF08848FE3}.Debug|x86.Build.0 = Debug|x86
		{58AC79C3-9ED8-46BE-8A4E-EFCF08848FE3}.Release|x64.ActiveCfg = Release|x64
		{58AC79C3-9ED8-46BE-8A4E-EFCF08848FE3}.Release|x64.Build.0 = Release|x64
		{58AC79C3-9ED8-46BE-8A4E-EFCF08848FE3}.Release|x86.ActiveCfg = Release|x86
		{58AC79C3-9ED8-46BE-8A4E-EFCF08848FE3}.Release|x86.Build.0 = Release|x86
		{2A1F3B72-E79E-45DE-BD97-342EE375D77F}.Debug|Any CPU.ActiveCfg = Debug|Any CPU
		{2A1F3B72-E79E-45DE-BD97-342EE375D77F}.Debug|Any CPU.Build.0 = Debug|Any CPU
		{2A1F3B72-E79E-45DE-BD97-342EE375D77F}.Release|Any CPU.ActiveCfg = Release|Any CPU
		{2A1F3B72-E79E-45DE-BD97-342EE375D77F}.Release|Any CPU.Build.0 = Release|Any CPU
		{2A1F3B72-E79E-45DE-BD97-342EE375D77F}.Debug|x64.ActiveCfg = Debug|x64
		{2A1F3B72-E79E-45DE-BD97-342EE375D77F}.Debug|x64.Build.0 = Debug|x64
		{2A1F3B72-E79E-45DE-BD97-342EE375D77F}.Debug|x86.ActiveCfg = Debug|x86
		{2A1F3B72-E79E-45DE-BD97-342EE375D77F}.Debug|x86.Build.0 = Debug|x86
		{2A1F3B72-E79E-45DE-BD97-342EE375D77F}.Release|x64.ActiveCfg = Release|x64
		{2A1F3B72-E79E-45DE-BD97-342EE375D77F}.Release|x64.Build.0 = Release|x64
		{2A1F3B72-E79E-45DE-BD97-342EE375D77F}.Release|x86.ActiveCfg = Release|x86
		{2A1F3B72-E79E-45DE-BD97-342EE375D77F}.Release|x86.Build.0 = Release|x86
	EndGlobalSection
	GlobalSection(SolutionProperties) = preSolution
		HideSolutionNode = FALSE
	EndGlobalSection
	GlobalSection(NestedProjects) = preSolution
		{C0019410-C602-4ABA-B970-6AE4A5128631} = {515CA84E-FB48-4E54-8DFA-3EB2E948A7C7}
		{AE6577B5-EC22-4B4C-BF17-CC5F000C4E56} = {515CA84E-FB48-4E54-8DFA-3EB2E948A7C7}
	EndGlobalSection
	GlobalSection(ExtensibilityGlobals) = postSolution
		SolutionGuid = {1E8EE6A0-1037-49F2-8C63-D7650E3925B7}
	EndGlobalSection
EndGlobal
