
Microsoft Visual Studio Solution File, Format Version 12.00
Project("{2150E333-8FDC-42A3-9474-1A3956D46DE8}") = "Build", "Build", "{460401EF-B166-4999-8072-C1610FB7F47B}"
EndProject
Project("{2150E333-8FDC-42A3-9474-1A3956D46DE8}") = "Props", "Props", "{F99F8A2F-2875-4BD1-B1C1-DE3AF1FD0D6E}"
	ProjectSection(SolutionItems) = preProject
		..\build\props\common.props = ..\build\props\common.props
		..\build\props\tests.props = ..\build\props\tests.props
	EndProjectSection
EndProject
Project("{2150E333-8FDC-42A3-9474-1A3956D46DE8}") = "StyleCop", "StyleCop", "{806FA8F2-98D8-4EED-91BB-AABEA5BEE047}"
	ProjectSection(SolutionItems) = preProject
		..\build\stylecop\stylecop.json = ..\build\stylecop\stylecop.json
		..\build\stylecop\stylecop.targets = ..\build\stylecop\stylecop.targets
		..\build\stylecop\waves.stylecop.ruleset = ..\build\stylecop\waves.stylecop.ruleset
		..\build\stylecop\waves.stylecop.withoutdocs.ruleset = ..\build\stylecop\waves.stylecop.withoutdocs.ruleset
	EndProjectSection
EndProject
Project("{FAE04EC0-301F-11D3-BF4B-00C04F79EFBC}") = "Waves.Core", "..\sources\Waves.Core\Waves.Core.csproj", "{E4F9152D-B8D4-41D9-B770-41464C81E7C2}"
EndProject
Project("{FAE04EC0-301F-11D3-BF4B-00C04F79EFBC}") = "Waves.Core.Sandbox", "..\sources\Waves.Core.Sandbox\Waves.Core.Sandbox.csproj", "{92355D2E-D957-409C-BDC0-3DCFF594DDD0}"
EndProject
Project("{FAE04EC0-301F-11D3-BF4B-00C04F79EFBC}") = "Waves.Core.Tests", "..\sources\Waves.Core.Tests\Waves.Core.Tests.csproj", "{B8850E8B-C002-4F9A-B4E0-5A7847BE1C1B}"
EndProject
Global
	GlobalSection(SolutionConfigurationPlatforms) = preSolution
		Debug|Any CPU = Debug|Any CPU
		Release|Any CPU = Release|Any CPU
	EndGlobalSection
	GlobalSection(NestedProjects) = preSolution
		{F99F8A2F-2875-4BD1-B1C1-DE3AF1FD0D6E} = {460401EF-B166-4999-8072-C1610FB7F47B}
		{806FA8F2-98D8-4EED-91BB-AABEA5BEE047} = {460401EF-B166-4999-8072-C1610FB7F47B}
	EndGlobalSection
	GlobalSection(ProjectConfigurationPlatforms) = postSolution
		{E4F9152D-B8D4-41D9-B770-41464C81E7C2}.Debug|Any CPU.ActiveCfg = Debug|Any CPU
		{E4F9152D-B8D4-41D9-B770-41464C81E7C2}.Debug|Any CPU.Build.0 = Debug|Any CPU
		{E4F9152D-B8D4-41D9-B770-41464C81E7C2}.Release|Any CPU.ActiveCfg = Release|Any CPU
		{E4F9152D-B8D4-41D9-B770-41464C81E7C2}.Release|Any CPU.Build.0 = Release|Any CPU
		{92355D2E-D957-409C-BDC0-3DCFF594DDD0}.Debug|Any CPU.ActiveCfg = Debug|Any CPU
		{92355D2E-D957-409C-BDC0-3DCFF594DDD0}.Debug|Any CPU.Build.0 = Debug|Any CPU
		{92355D2E-D957-409C-BDC0-3DCFF594DDD0}.Release|Any CPU.ActiveCfg = Release|Any CPU
		{92355D2E-D957-409C-BDC0-3DCFF594DDD0}.Release|Any CPU.Build.0 = Release|Any CPU
		{B8850E8B-C002-4F9A-B4E0-5A7847BE1C1B}.Debug|Any CPU.ActiveCfg = Debug|Any CPU
		{B8850E8B-C002-4F9A-B4E0-5A7847BE1C1B}.Debug|Any CPU.Build.0 = Debug|Any CPU
		{B8850E8B-C002-4F9A-B4E0-5A7847BE1C1B}.Release|Any CPU.ActiveCfg = Release|Any CPU
		{B8850E8B-C002-4F9A-B4E0-5A7847BE1C1B}.Release|Any CPU.Build.0 = Release|Any CPU
	EndGlobalSection
EndGlobal
