
Microsoft Visual Studio Solution File, Format Version 12.00
# Visual Studio Version 16
VisualStudioVersion = 16.0.29519.181
MinimumVisualStudioVersion = 10.0.40219.1
Project("{9A19103F-16F7-4668-BE54-9A1E7A4F7556}") = "Waves.Core", "..\sources\Waves.Core\Waves.Core.csproj", "{5F9F9C13-3CAE-4A54-85EE-CABD763E31C9}"
EndProject
Project("{9A19103F-16F7-4668-BE54-9A1E7A4F7556}") = "Waves.Core.Sandbox", "..\sources\Waves.Core.Sandbox\Waves.Core.Sandbox.csproj", "{F9A524BF-DD95-4E40-A249-DD9FCB24A9D4}"
EndProject
Project("{9A19103F-16F7-4668-BE54-9A1E7A4F7556}") = "Waves.Core.Plugins.Services.Log.Console", "..\sources\Waves.Core.Plugins.Services.Log.Console\Waves.Core.Plugins.Services.Log.Console.csproj", "{744A706C-D77A-44B3-91ED-B63957051750}"
EndProject
Project("{9A19103F-16F7-4668-BE54-9A1E7A4F7556}") = "Waves.Core.Plugins.Services.Log.NLog", "..\sources\Waves.Core.Plugins.Services.Log.NLog\Waves.Core.Plugins.Services.Log.NLog.csproj", "{F71F3166-FEBD-421F-B8AD-3F32BD639397}"
EndProject
Project("{2150E333-8FDC-42A3-9474-1A3956D46DE8}") = "Plugins", "Plugins", "{72B1DA35-E9A8-4AE8-BC2C-6F8FEDC8DFA2}"
EndProject
Project("{2150E333-8FDC-42A3-9474-1A3956D46DE8}") = "Services", "Services", "{7B124F7B-0538-43A7-BA63-75A13967ADE7}"
EndProject
Project("{2150E333-8FDC-42A3-9474-1A3956D46DE8}") = "Build", "Build", "{41D650E6-BFF0-4CA4-A134-563DD91DDC84}"
EndProject
Project("{2150E333-8FDC-42A3-9474-1A3956D46DE8}") = "Props", "Props", "{2BD43607-BD29-42E5-B192-2217CEEF041E}"
	ProjectSection(SolutionItems) = preProject
		..\build\props\common.props = ..\build\props\common.props
	EndProjectSection
EndProject
Project("{2150E333-8FDC-42A3-9474-1A3956D46DE8}") = "Tests", "Tests", "{6AC5BC5C-88C7-4A5B-91C3-9C90036771FB}"
EndProject
Project("{FAE04EC0-301F-11D3-BF4B-00C04F79EFBC}") = "Waves.Core.Tests", "..\sources\Waves.Core.Tests\Waves.Core.Tests.csproj", "{C4D91782-1F33-4666-868E-61C8AF2DBED7}"
EndProject
Global
	GlobalSection(SolutionConfigurationPlatforms) = preSolution
		Debug|Any CPU = Debug|Any CPU
		Debug|x64 = Debug|x64
		Debug|x86 = Debug|x86
		Release|Any CPU = Release|Any CPU
		Release|x64 = Release|x64
		Release|x86 = Release|x86
	EndGlobalSection
	GlobalSection(ProjectConfigurationPlatforms) = postSolution
		{5F9F9C13-3CAE-4A54-85EE-CABD763E31C9}.Debug|Any CPU.ActiveCfg = Debug|Any CPU
		{5F9F9C13-3CAE-4A54-85EE-CABD763E31C9}.Debug|Any CPU.Build.0 = Debug|Any CPU
		{5F9F9C13-3CAE-4A54-85EE-CABD763E31C9}.Debug|x64.ActiveCfg = Debug|x64
		{5F9F9C13-3CAE-4A54-85EE-CABD763E31C9}.Debug|x64.Build.0 = Debug|x64
		{5F9F9C13-3CAE-4A54-85EE-CABD763E31C9}.Debug|x86.ActiveCfg = Debug|x86
		{5F9F9C13-3CAE-4A54-85EE-CABD763E31C9}.Debug|x86.Build.0 = Debug|x86
		{5F9F9C13-3CAE-4A54-85EE-CABD763E31C9}.Release|Any CPU.ActiveCfg = Release|Any CPU
		{5F9F9C13-3CAE-4A54-85EE-CABD763E31C9}.Release|Any CPU.Build.0 = Release|Any CPU
		{5F9F9C13-3CAE-4A54-85EE-CABD763E31C9}.Release|x64.ActiveCfg = Release|x64
		{5F9F9C13-3CAE-4A54-85EE-CABD763E31C9}.Release|x64.Build.0 = Release|x64
		{5F9F9C13-3CAE-4A54-85EE-CABD763E31C9}.Release|x86.ActiveCfg = Release|x86
		{5F9F9C13-3CAE-4A54-85EE-CABD763E31C9}.Release|x86.Build.0 = Release|x86
		{F9A524BF-DD95-4E40-A249-DD9FCB24A9D4}.Debug|Any CPU.ActiveCfg = Debug|Any CPU
		{F9A524BF-DD95-4E40-A249-DD9FCB24A9D4}.Debug|Any CPU.Build.0 = Debug|Any CPU
		{F9A524BF-DD95-4E40-A249-DD9FCB24A9D4}.Debug|x64.ActiveCfg = Debug|x64
		{F9A524BF-DD95-4E40-A249-DD9FCB24A9D4}.Debug|x64.Build.0 = Debug|x64
		{F9A524BF-DD95-4E40-A249-DD9FCB24A9D4}.Debug|x86.ActiveCfg = Debug|x86
		{F9A524BF-DD95-4E40-A249-DD9FCB24A9D4}.Debug|x86.Build.0 = Debug|x86
		{F9A524BF-DD95-4E40-A249-DD9FCB24A9D4}.Release|Any CPU.ActiveCfg = Release|Any CPU
		{F9A524BF-DD95-4E40-A249-DD9FCB24A9D4}.Release|Any CPU.Build.0 = Release|Any CPU
		{F9A524BF-DD95-4E40-A249-DD9FCB24A9D4}.Release|x64.ActiveCfg = Release|x64
		{F9A524BF-DD95-4E40-A249-DD9FCB24A9D4}.Release|x64.Build.0 = Release|x64
		{F9A524BF-DD95-4E40-A249-DD9FCB24A9D4}.Release|x86.ActiveCfg = Release|x86
		{F9A524BF-DD95-4E40-A249-DD9FCB24A9D4}.Release|x86.Build.0 = Release|x86
		{744A706C-D77A-44B3-91ED-B63957051750}.Debug|Any CPU.ActiveCfg = Debug|Any CPU
		{744A706C-D77A-44B3-91ED-B63957051750}.Debug|Any CPU.Build.0 = Debug|Any CPU
		{744A706C-D77A-44B3-91ED-B63957051750}.Debug|x64.ActiveCfg = Debug|x64
		{744A706C-D77A-44B3-91ED-B63957051750}.Debug|x64.Build.0 = Debug|x64
		{744A706C-D77A-44B3-91ED-B63957051750}.Debug|x86.ActiveCfg = Debug|x86
		{744A706C-D77A-44B3-91ED-B63957051750}.Debug|x86.Build.0 = Debug|x86
		{744A706C-D77A-44B3-91ED-B63957051750}.Release|Any CPU.ActiveCfg = Release|Any CPU
		{744A706C-D77A-44B3-91ED-B63957051750}.Release|Any CPU.Build.0 = Release|Any CPU
		{744A706C-D77A-44B3-91ED-B63957051750}.Release|x64.ActiveCfg = Release|x64
		{744A706C-D77A-44B3-91ED-B63957051750}.Release|x64.Build.0 = Release|x64
		{744A706C-D77A-44B3-91ED-B63957051750}.Release|x86.ActiveCfg = Release|x86
		{744A706C-D77A-44B3-91ED-B63957051750}.Release|x86.Build.0 = Release|x86
		{F71F3166-FEBD-421F-B8AD-3F32BD639397}.Debug|Any CPU.ActiveCfg = Debug|Any CPU
		{F71F3166-FEBD-421F-B8AD-3F32BD639397}.Debug|Any CPU.Build.0 = Debug|Any CPU
		{F71F3166-FEBD-421F-B8AD-3F32BD639397}.Debug|x64.ActiveCfg = Debug|x64
		{F71F3166-FEBD-421F-B8AD-3F32BD639397}.Debug|x64.Build.0 = Debug|x64
		{F71F3166-FEBD-421F-B8AD-3F32BD639397}.Debug|x86.ActiveCfg = Debug|x86
		{F71F3166-FEBD-421F-B8AD-3F32BD639397}.Debug|x86.Build.0 = Debug|x86
		{F71F3166-FEBD-421F-B8AD-3F32BD639397}.Release|Any CPU.ActiveCfg = Release|Any CPU
		{F71F3166-FEBD-421F-B8AD-3F32BD639397}.Release|Any CPU.Build.0 = Release|Any CPU
		{F71F3166-FEBD-421F-B8AD-3F32BD639397}.Release|x64.ActiveCfg = Release|x64
		{F71F3166-FEBD-421F-B8AD-3F32BD639397}.Release|x64.Build.0 = Release|x64
		{F71F3166-FEBD-421F-B8AD-3F32BD639397}.Release|x86.ActiveCfg = Release|x86
		{F71F3166-FEBD-421F-B8AD-3F32BD639397}.Release|x86.Build.0 = Release|x86
		{C4D91782-1F33-4666-868E-61C8AF2DBED7}.Debug|Any CPU.ActiveCfg = Debug|Any CPU
		{C4D91782-1F33-4666-868E-61C8AF2DBED7}.Debug|Any CPU.Build.0 = Debug|Any CPU
		{C4D91782-1F33-4666-868E-61C8AF2DBED7}.Debug|x64.ActiveCfg = Debug|Any CPU
		{C4D91782-1F33-4666-868E-61C8AF2DBED7}.Debug|x64.Build.0 = Debug|Any CPU
		{C4D91782-1F33-4666-868E-61C8AF2DBED7}.Debug|x86.ActiveCfg = Debug|Any CPU
		{C4D91782-1F33-4666-868E-61C8AF2DBED7}.Debug|x86.Build.0 = Debug|Any CPU
		{C4D91782-1F33-4666-868E-61C8AF2DBED7}.Release|Any CPU.ActiveCfg = Release|Any CPU
		{C4D91782-1F33-4666-868E-61C8AF2DBED7}.Release|Any CPU.Build.0 = Release|Any CPU
		{C4D91782-1F33-4666-868E-61C8AF2DBED7}.Release|x64.ActiveCfg = Release|Any CPU
		{C4D91782-1F33-4666-868E-61C8AF2DBED7}.Release|x64.Build.0 = Release|Any CPU
		{C4D91782-1F33-4666-868E-61C8AF2DBED7}.Release|x86.ActiveCfg = Release|Any CPU
		{C4D91782-1F33-4666-868E-61C8AF2DBED7}.Release|x86.Build.0 = Release|Any CPU
	EndGlobalSection
	GlobalSection(SolutionProperties) = preSolution
		HideSolutionNode = FALSE
	EndGlobalSection
	GlobalSection(NestedProjects) = preSolution
		{744A706C-D77A-44B3-91ED-B63957051750} = {7B124F7B-0538-43A7-BA63-75A13967ADE7}
		{F71F3166-FEBD-421F-B8AD-3F32BD639397} = {7B124F7B-0538-43A7-BA63-75A13967ADE7}
		{7B124F7B-0538-43A7-BA63-75A13967ADE7} = {72B1DA35-E9A8-4AE8-BC2C-6F8FEDC8DFA2}
		{2BD43607-BD29-42E5-B192-2217CEEF041E} = {41D650E6-BFF0-4CA4-A134-563DD91DDC84}
		{C4D91782-1F33-4666-868E-61C8AF2DBED7} = {6AC5BC5C-88C7-4A5B-91C3-9C90036771FB}
	EndGlobalSection
	GlobalSection(ExtensibilityGlobals) = postSolution
		SolutionGuid = {1E8EE6A0-1037-49F2-8C63-D7650E3925B7}
	EndGlobalSection
EndGlobal
